// !$*UTF8*$!
{
	archiveVersion = 1;
	classes = {
	};
	objectVersion = 60;
	objects = {

/* Begin PBXBuildFile section */
		25119A8C2B15B6CD00BE4B3B /* DatabaseCreation.swift in Sources */ = {isa = PBXBuildFile; fileRef = 25119A8B2B15B6CD00BE4B3B /* DatabaseCreation.swift */; };
		25119A902B15B6EC00BE4B3B /* ComicStruct.swift in Sources */ = {isa = PBXBuildFile; fileRef = 25119A8E2B15B6EC00BE4B3B /* ComicStruct.swift */; };
		25119A912B15B6EC00BE4B3B /* ComicAPIData.swift in Sources */ = {isa = PBXBuildFile; fileRef = 25119A8F2B15B6EC00BE4B3B /* ComicAPIData.swift */; };
		25119A952B15B70800BE4B3B /* MemesAPIData.swift in Sources */ = {isa = PBXBuildFile; fileRef = 25119A932B15B70800BE4B3B /* MemesAPIData.swift */; };
		25119A962B15B70800BE4B3B /* MemeStruct.swift in Sources */ = {isa = PBXBuildFile; fileRef = 25119A942B15B70800BE4B3B /* MemeStruct.swift */; };
		25119A9C2B15B72200BE4B3B /* DailyComic.swift in Sources */ = {isa = PBXBuildFile; fileRef = 25119A982B15B72200BE4B3B /* DailyComic.swift */; };
		25119A9D2B15B72200BE4B3B /* FavoriteComics.swift in Sources */ = {isa = PBXBuildFile; fileRef = 25119A992B15B72200BE4B3B /* FavoriteComics.swift */; };
		25119A9E2B15B72200BE4B3B /* ComicDetails.swift in Sources */ = {isa = PBXBuildFile; fileRef = 25119A9A2B15B72200BE4B3B /* ComicDetails.swift */; };
		25119A9F2B15B72200BE4B3B /* ComicItem.swift in Sources */ = {isa = PBXBuildFile; fileRef = 25119A9B2B15B72200BE4B3B /* ComicItem.swift */; };
		25119AA52B15B72E00BE4B3B /* Memes.swift in Sources */ = {isa = PBXBuildFile; fileRef = 25119AA12B15B72E00BE4B3B /* Memes.swift */; };
		25119AA62B15B72E00BE4B3B /* MemeDetails.swift in Sources */ = {isa = PBXBuildFile; fileRef = 25119AA22B15B72E00BE4B3B /* MemeDetails.swift */; };
		25119AA72B15B72E00BE4B3B /* FavoriteMemes.swift in Sources */ = {isa = PBXBuildFile; fileRef = 25119AA32B15B72E00BE4B3B /* FavoriteMemes.swift */; };
		25119AA82B15B72E00BE4B3B /* MemeItem.swift in Sources */ = {isa = PBXBuildFile; fileRef = 25119AA42B15B72E00BE4B3B /* MemeItem.swift */; };
		25119AAA2B15BA3700BE4B3B /* DatabaseClasses.swift in Sources */ = {isa = PBXBuildFile; fileRef = 25119AA92B15BA3700BE4B3B /* DatabaseClasses.swift */; };
		25119AAC2B15BFF000BE4B3B /* UserAuthentication.swift in Sources */ = {isa = PBXBuildFile; fileRef = 25119AAB2B15BFF000BE4B3B /* UserAuthentication.swift */; };
		25119AB32B15C06000BE4B3B /* LoginView.swift in Sources */ = {isa = PBXBuildFile; fileRef = 25119AAF2B15C06000BE4B3B /* LoginView.swift */; };
		25119AB52B15C06000BE4B3B /* MainView.swift in Sources */ = {isa = PBXBuildFile; fileRef = 25119AB12B15C06000BE4B3B /* MainView.swift */; };
		25119AB62B15C06000BE4B3B /* ContentView.swift in Sources */ = {isa = PBXBuildFile; fileRef = 25119AB22B15C06000BE4B3B /* ContentView.swift */; };
		25119AB82B15C2CC00BE4B3B /* ResetPassword.swift in Sources */ = {isa = PBXBuildFile; fileRef = 25119AB72B15C2CB00BE4B3B /* ResetPassword.swift */; };
		25119ABB2B15C38100BE4B3B /* Settings.swift in Sources */ = {isa = PBXBuildFile; fileRef = 25119ABA2B15C38100BE4B3B /* Settings.swift */; };
		3C5BB5002B0681B6005F987D /* Globals.swift in Sources */ = {isa = PBXBuildFile; fileRef = 3C5BB4FF2B0681B6005F987D /* Globals.swift */; };
		3C5BB5032B0E99F3005F987D /* NewsPage.swift in Sources */ = {isa = PBXBuildFile; fileRef = 3C5BB5022B0E99F3005F987D /* NewsPage.swift */; };
		3C5BB5052B0E9A7B005F987D /* Article.swift in Sources */ = {isa = PBXBuildFile; fileRef = 3C5BB5042B0E9A7B005F987D /* Article.swift */; };
		3C5BB5082B0E9F86005F987D /* News.swift in Sources */ = {isa = PBXBuildFile; fileRef = 3C5BB5072B0E9F86005F987D /* News.swift */; };
		3C9295202B10836100063ECC /* GetJsonDataFromApi.swift in Sources */ = {isa = PBXBuildFile; fileRef = 3C92951F2B10836100063ECC /* GetJsonDataFromApi.swift */; };
		3C9295222B10838500063ECC /* NewsApiData.swift in Sources */ = {isa = PBXBuildFile; fileRef = 3C9295212B10838500063ECC /* NewsApiData.swift */; };
		3CC8601F2B0EA39C00A28666 /* UtilityFunctions.swift in Sources */ = {isa = PBXBuildFile; fileRef = 3CC8601E2B0EA39C00A28666 /* UtilityFunctions.swift */; };
		3CC860212B0EB0C500A28666 /* InitialDBContent-News.json in Resources */ = {isa = PBXBuildFile; fileRef = 3CC860202B0EB0C400A28666 /* InitialDBContent-News.json */; };
		3CC860242B105BE900A28666 /* ArticleDetails.swift in Sources */ = {isa = PBXBuildFile; fileRef = 3CC860232B105BE900A28666 /* ArticleDetails.swift */; };
		DB1458172B12BF27001825A9 /* OpenWeatherAPI.swift in Sources */ = {isa = PBXBuildFile; fileRef = DB1458162B12BF27001825A9 /* OpenWeatherAPI.swift */; };
		DB14581A2B12C0D9001825A9 /* WeatherStructs.swift in Sources */ = {isa = PBXBuildFile; fileRef = DB1458192B12C0D9001825A9 /* WeatherStructs.swift */; };
		DB14581D2B12D098001825A9 /* CurrentLocation.swift in Sources */ = {isa = PBXBuildFile; fileRef = DB14581C2B12D098001825A9 /* CurrentLocation.swift */; };
		DB4ECC7C2B128880007E7A24 /* WeatherPage.swift in Sources */ = {isa = PBXBuildFile; fileRef = DB4ECC7B2B128880007E7A24 /* WeatherPage.swift */; };
		DB7F34BF2B12FD8500202040 /* WeatherConversions.swift in Sources */ = {isa = PBXBuildFile; fileRef = DB7F34BE2B12FD8500202040 /* WeatherConversions.swift */; };
		DB7F42C02B067C6E00628F6F /* DailyDoseApp.swift in Sources */ = {isa = PBXBuildFile; fileRef = DB7F42BF2B067C6E00628F6F /* DailyDoseApp.swift */; };
		DB7F42C62B067C7100628F6F /* Assets.xcassets in Resources */ = {isa = PBXBuildFile; fileRef = DB7F42C52B067C7100628F6F /* Assets.xcassets */; };
		DB7F42C92B067C7100628F6F /* Preview Assets.xcassets in Resources */ = {isa = PBXBuildFile; fileRef = DB7F42C82B067C7100628F6F /* Preview Assets.xcassets */; };
		DB86EEE12B129E7200FFF726 /* HexColor.swift in Sources */ = {isa = PBXBuildFile; fileRef = DB86EEE02B129E7200FFF726 /* HexColor.swift */; };
		DB9071CC2B15CFC500562BB0 /* DynamicWeatherBackground.swift in Sources */ = {isa = PBXBuildFile; fileRef = DB9071CB2B15CFC500562BB0 /* DynamicWeatherBackground.swift */; };
		DB9071CE2B15CFFF00562BB0 /* WeatherMap.swift in Sources */ = {isa = PBXBuildFile; fileRef = DB9071CD2B15CFFF00562BB0 /* WeatherMap.swift */; };
/* End PBXBuildFile section */

/* Begin PBXFileReference section */
		25119A8B2B15B6CD00BE4B3B /* DatabaseCreation.swift */ = {isa = PBXFileReference; fileEncoding = 4; lastKnownFileType = sourcecode.swift; path = DatabaseCreation.swift; sourceTree = "<group>"; };
		25119A8E2B15B6EC00BE4B3B /* ComicStruct.swift */ = {isa = PBXFileReference; fileEncoding = 4; lastKnownFileType = sourcecode.swift; path = ComicStruct.swift; sourceTree = "<group>"; };
		25119A8F2B15B6EC00BE4B3B /* ComicAPIData.swift */ = {isa = PBXFileReference; fileEncoding = 4; lastKnownFileType = sourcecode.swift; path = ComicAPIData.swift; sourceTree = "<group>"; };
		25119A932B15B70800BE4B3B /* MemesAPIData.swift */ = {isa = PBXFileReference; fileEncoding = 4; lastKnownFileType = sourcecode.swift; path = MemesAPIData.swift; sourceTree = "<group>"; };
		25119A942B15B70800BE4B3B /* MemeStruct.swift */ = {isa = PBXFileReference; fileEncoding = 4; lastKnownFileType = sourcecode.swift; path = MemeStruct.swift; sourceTree = "<group>"; };
		25119A982B15B72200BE4B3B /* DailyComic.swift */ = {isa = PBXFileReference; fileEncoding = 4; lastKnownFileType = sourcecode.swift; path = DailyComic.swift; sourceTree = "<group>"; };
		25119A992B15B72200BE4B3B /* FavoriteComics.swift */ = {isa = PBXFileReference; fileEncoding = 4; lastKnownFileType = sourcecode.swift; path = FavoriteComics.swift; sourceTree = "<group>"; };
		25119A9A2B15B72200BE4B3B /* ComicDetails.swift */ = {isa = PBXFileReference; fileEncoding = 4; lastKnownFileType = sourcecode.swift; path = ComicDetails.swift; sourceTree = "<group>"; };
		25119A9B2B15B72200BE4B3B /* ComicItem.swift */ = {isa = PBXFileReference; fileEncoding = 4; lastKnownFileType = sourcecode.swift; path = ComicItem.swift; sourceTree = "<group>"; };
		25119AA12B15B72E00BE4B3B /* Memes.swift */ = {isa = PBXFileReference; fileEncoding = 4; lastKnownFileType = sourcecode.swift; path = Memes.swift; sourceTree = "<group>"; };
		25119AA22B15B72E00BE4B3B /* MemeDetails.swift */ = {isa = PBXFileReference; fileEncoding = 4; lastKnownFileType = sourcecode.swift; path = MemeDetails.swift; sourceTree = "<group>"; };
		25119AA32B15B72E00BE4B3B /* FavoriteMemes.swift */ = {isa = PBXFileReference; fileEncoding = 4; lastKnownFileType = sourcecode.swift; path = FavoriteMemes.swift; sourceTree = "<group>"; };
		25119AA42B15B72E00BE4B3B /* MemeItem.swift */ = {isa = PBXFileReference; fileEncoding = 4; lastKnownFileType = sourcecode.swift; path = MemeItem.swift; sourceTree = "<group>"; };
		25119AA92B15BA3700BE4B3B /* DatabaseClasses.swift */ = {isa = PBXFileReference; lastKnownFileType = sourcecode.swift; path = DatabaseClasses.swift; sourceTree = "<group>"; };
		25119AAB2B15BFF000BE4B3B /* UserAuthentication.swift */ = {isa = PBXFileReference; fileEncoding = 4; lastKnownFileType = sourcecode.swift; path = UserAuthentication.swift; sourceTree = "<group>"; };
		25119AAF2B15C06000BE4B3B /* LoginView.swift */ = {isa = PBXFileReference; fileEncoding = 4; lastKnownFileType = sourcecode.swift; path = LoginView.swift; sourceTree = "<group>"; };
		25119AB12B15C06000BE4B3B /* MainView.swift */ = {isa = PBXFileReference; fileEncoding = 4; lastKnownFileType = sourcecode.swift; path = MainView.swift; sourceTree = "<group>"; };
		25119AB22B15C06000BE4B3B /* ContentView.swift */ = {isa = PBXFileReference; fileEncoding = 4; lastKnownFileType = sourcecode.swift; path = ContentView.swift; sourceTree = "<group>"; };
		25119AB72B15C2CB00BE4B3B /* ResetPassword.swift */ = {isa = PBXFileReference; fileEncoding = 4; lastKnownFileType = sourcecode.swift; path = ResetPassword.swift; sourceTree = "<group>"; };
		25119ABA2B15C38100BE4B3B /* Settings.swift */ = {isa = PBXFileReference; fileEncoding = 4; lastKnownFileType = sourcecode.swift; path = Settings.swift; sourceTree = "<group>"; };
		3C5BB4FF2B0681B6005F987D /* Globals.swift */ = {isa = PBXFileReference; fileEncoding = 4; lastKnownFileType = sourcecode.swift; path = Globals.swift; sourceTree = "<group>"; };
		3C5BB5022B0E99F3005F987D /* NewsPage.swift */ = {isa = PBXFileReference; lastKnownFileType = sourcecode.swift; path = NewsPage.swift; sourceTree = "<group>"; };
		3C5BB5042B0E9A7B005F987D /* Article.swift */ = {isa = PBXFileReference; lastKnownFileType = sourcecode.swift; path = Article.swift; sourceTree = "<group>"; };
		3C5BB5072B0E9F86005F987D /* News.swift */ = {isa = PBXFileReference; lastKnownFileType = sourcecode.swift; path = News.swift; sourceTree = "<group>"; };
		3C92951F2B10836100063ECC /* GetJsonDataFromApi.swift */ = {isa = PBXFileReference; fileEncoding = 4; lastKnownFileType = sourcecode.swift; path = GetJsonDataFromApi.swift; sourceTree = "<group>"; };
		3C9295212B10838500063ECC /* NewsApiData.swift */ = {isa = PBXFileReference; lastKnownFileType = sourcecode.swift; path = NewsApiData.swift; sourceTree = "<group>"; };
		3CC8601E2B0EA39C00A28666 /* UtilityFunctions.swift */ = {isa = PBXFileReference; fileEncoding = 4; lastKnownFileType = sourcecode.swift; path = UtilityFunctions.swift; sourceTree = "<group>"; };
		3CC860202B0EB0C400A28666 /* InitialDBContent-News.json */ = {isa = PBXFileReference; fileEncoding = 4; lastKnownFileType = text.json; path = "InitialDBContent-News.json"; sourceTree = "<group>"; };
		3CC860232B105BE900A28666 /* ArticleDetails.swift */ = {isa = PBXFileReference; lastKnownFileType = sourcecode.swift; path = ArticleDetails.swift; sourceTree = "<group>"; };
		DB1458162B12BF27001825A9 /* OpenWeatherAPI.swift */ = {isa = PBXFileReference; lastKnownFileType = sourcecode.swift; path = OpenWeatherAPI.swift; sourceTree = "<group>"; };
		DB1458192B12C0D9001825A9 /* WeatherStructs.swift */ = {isa = PBXFileReference; lastKnownFileType = sourcecode.swift; path = WeatherStructs.swift; sourceTree = "<group>"; };
		DB14581C2B12D098001825A9 /* CurrentLocation.swift */ = {isa = PBXFileReference; fileEncoding = 4; lastKnownFileType = sourcecode.swift; path = CurrentLocation.swift; sourceTree = "<group>"; };
		DB14581E2B12D906001825A9 /* Info.plist */ = {isa = PBXFileReference; lastKnownFileType = text.plist; path = Info.plist; sourceTree = "<group>"; };
		DB4ECC7B2B128880007E7A24 /* WeatherPage.swift */ = {isa = PBXFileReference; lastKnownFileType = sourcecode.swift; path = WeatherPage.swift; sourceTree = "<group>"; };
		DB7F34BE2B12FD8500202040 /* WeatherConversions.swift */ = {isa = PBXFileReference; lastKnownFileType = sourcecode.swift; path = WeatherConversions.swift; sourceTree = "<group>"; };
		DB7F42BC2B067C6E00628F6F /* DailyDose.app */ = {isa = PBXFileReference; explicitFileType = wrapper.application; includeInIndex = 0; path = DailyDose.app; sourceTree = BUILT_PRODUCTS_DIR; };
		DB7F42BF2B067C6E00628F6F /* DailyDoseApp.swift */ = {isa = PBXFileReference; lastKnownFileType = sourcecode.swift; path = DailyDoseApp.swift; sourceTree = "<group>"; };
		DB7F42C52B067C7100628F6F /* Assets.xcassets */ = {isa = PBXFileReference; lastKnownFileType = folder.assetcatalog; path = Assets.xcassets; sourceTree = "<group>"; };
		DB7F42C82B067C7100628F6F /* Preview Assets.xcassets */ = {isa = PBXFileReference; lastKnownFileType = folder.assetcatalog; path = "Preview Assets.xcassets"; sourceTree = "<group>"; };
		DB86EEE02B129E7200FFF726 /* HexColor.swift */ = {isa = PBXFileReference; lastKnownFileType = sourcecode.swift; path = HexColor.swift; sourceTree = "<group>"; };
		DB9071CB2B15CFC500562BB0 /* DynamicWeatherBackground.swift */ = {isa = PBXFileReference; lastKnownFileType = sourcecode.swift; path = DynamicWeatherBackground.swift; sourceTree = "<group>"; };
		DB9071CD2B15CFFF00562BB0 /* WeatherMap.swift */ = {isa = PBXFileReference; lastKnownFileType = sourcecode.swift; path = WeatherMap.swift; sourceTree = "<group>"; };
/* End PBXFileReference section */

/* Begin PBXFrameworksBuildPhase section */
		DB7F42B92B067C6E00628F6F /* Frameworks */ = {
			isa = PBXFrameworksBuildPhase;
			buildActionMask = 2147483647;
			files = (
			);
			runOnlyForDeploymentPostprocessing = 0;
		};
/* End PBXFrameworksBuildPhase section */

/* Begin PBXGroup section */
		25119A8D2B15B6EC00BE4B3B /* Comics */ = {
			isa = PBXGroup;
			children = (
				25119A8E2B15B6EC00BE4B3B /* ComicStruct.swift */,
				25119A8F2B15B6EC00BE4B3B /* ComicAPIData.swift */,
			);
			path = Comics;
			sourceTree = "<group>";
		};
		25119A922B15B70800BE4B3B /* Memes */ = {
			isa = PBXGroup;
			children = (
				25119A932B15B70800BE4B3B /* MemesAPIData.swift */,
				25119A942B15B70800BE4B3B /* MemeStruct.swift */,
			);
			path = Memes;
			sourceTree = "<group>";
		};
		25119A972B15B72200BE4B3B /* Comics */ = {
			isa = PBXGroup;
			children = (
				25119A982B15B72200BE4B3B /* DailyComic.swift */,
				25119A992B15B72200BE4B3B /* FavoriteComics.swift */,
				25119A9A2B15B72200BE4B3B /* ComicDetails.swift */,
				25119A9B2B15B72200BE4B3B /* ComicItem.swift */,
			);
			path = Comics;
			sourceTree = "<group>";
		};
		25119AA02B15B72E00BE4B3B /* Memes */ = {
			isa = PBXGroup;
			children = (
				25119AA12B15B72E00BE4B3B /* Memes.swift */,
				25119AA22B15B72E00BE4B3B /* MemeDetails.swift */,
				25119AA32B15B72E00BE4B3B /* FavoriteMemes.swift */,
				25119AA42B15B72E00BE4B3B /* MemeItem.swift */,
			);
			path = Memes;
			sourceTree = "<group>";
		};
		25119AAD2B15C00F00BE4B3B /* Tab View Items */ = {
			isa = PBXGroup;
			children = (
				DB4ECC7A2B128867007E7A24 /* Weather */,
				25119AA02B15B72E00BE4B3B /* Memes */,
				25119A972B15B72200BE4B3B /* Comics */,
				3C5BB5012B0E9998005F987D /* News */,
				25119AB92B15C38100BE4B3B /* Settings */,
			);
			path = "Tab View Items";
			sourceTree = "<group>";
		};
		25119AAE2B15C06000BE4B3B /* Startup Views */ = {
			isa = PBXGroup;
			children = (
				25119AAF2B15C06000BE4B3B /* LoginView.swift */,
				25119AB72B15C2CB00BE4B3B /* ResetPassword.swift */,
				25119AB12B15C06000BE4B3B /* MainView.swift */,
				25119AB22B15C06000BE4B3B /* ContentView.swift */,
			);
			path = "Startup Views";
			sourceTree = "<group>";
		};
		25119AB92B15C38100BE4B3B /* Settings */ = {
			isa = PBXGroup;
			children = (
				25119ABA2B15C38100BE4B3B /* Settings.swift */,
			);
			path = Settings;
			sourceTree = "<group>";
		};
		3C5BB4F82B068173005F987D /* Database */ = {
			isa = PBXGroup;
			children = (
				25119AA92B15BA3700BE4B3B /* DatabaseClasses.swift */,
				25119A8B2B15B6CD00BE4B3B /* DatabaseCreation.swift */,
				3CC860222B0EB19300A28666 /* News */,
			);
			path = Database;
			sourceTree = "<group>";
		};
		3C5BB5012B0E9998005F987D /* News */ = {
			isa = PBXGroup;
			children = (
				3C5BB5022B0E99F3005F987D /* NewsPage.swift */,
				3C5BB5042B0E9A7B005F987D /* Article.swift */,
				3CC860232B105BE900A28666 /* ArticleDetails.swift */,
			);
			path = News;
			sourceTree = "<group>";
		};
		3C92951E2B1082F800063ECC /* API Models */ = {
			isa = PBXGroup;
			children = (
				3C9295212B10838500063ECC /* NewsApiData.swift */,
				DB1458182B12C0BC001825A9 /* OpenWeather */,
				25119A8D2B15B6EC00BE4B3B /* Comics */,
				25119A922B15B70800BE4B3B /* Memes */,
			);
			path = "API Models";
			sourceTree = "<group>";
		};
		3CC8601D2B0EA36700A28666 /* Supporting Files */ = {
			isa = PBXGroup;
			children = (
				3C5BB4FF2B0681B6005F987D /* Globals.swift */,
				DB14581C2B12D098001825A9 /* CurrentLocation.swift */,
				DB86EEE02B129E7200FFF726 /* HexColor.swift */,
				3C92951F2B10836100063ECC /* GetJsonDataFromApi.swift */,
				3CC8601E2B0EA39C00A28666 /* UtilityFunctions.swift */,
				DB7F34BE2B12FD8500202040 /* WeatherConversions.swift */,
				25119AAB2B15BFF000BE4B3B /* UserAuthentication.swift */,
			);
			path = "Supporting Files";
			sourceTree = "<group>";
		};
		3CC860222B0EB19300A28666 /* News */ = {
			isa = PBXGroup;
			children = (
				3CC860202B0EB0C400A28666 /* InitialDBContent-News.json */,
				3C5BB5072B0E9F86005F987D /* News.swift */,
			);
			name = News;
			sourceTree = "<group>";
		};
		DB1458182B12C0BC001825A9 /* OpenWeather */ = {
			isa = PBXGroup;
			children = (
				DB1458162B12BF27001825A9 /* OpenWeatherAPI.swift */,
				DB1458192B12C0D9001825A9 /* WeatherStructs.swift */,
			);
			path = OpenWeather;
			sourceTree = "<group>";
		};
		DB4ECC7A2B128867007E7A24 /* Weather */ = {
			isa = PBXGroup;
			children = (
				DB4ECC7B2B128880007E7A24 /* WeatherPage.swift */,
				DB9071CB2B15CFC500562BB0 /* DynamicWeatherBackground.swift */,
				DB9071CD2B15CFFF00562BB0 /* WeatherMap.swift */,
			);
			path = Weather;
			sourceTree = "<group>";
		};
		DB7F42B32B067C6E00628F6F = {
			isa = PBXGroup;
			children = (
				DB7F42BE2B067C6E00628F6F /* DailyDose */,
				DB7F42BD2B067C6E00628F6F /* Products */,
			);
			sourceTree = "<group>";
		};
		DB7F42BD2B067C6E00628F6F /* Products */ = {
			isa = PBXGroup;
			children = (
				DB7F42BC2B067C6E00628F6F /* DailyDose.app */,
			);
			name = Products;
			sourceTree = "<group>";
		};
		DB7F42BE2B067C6E00628F6F /* DailyDose */ = {
			isa = PBXGroup;
			children = (
				DB7F42BF2B067C6E00628F6F /* DailyDoseApp.swift */,
				3CC8601D2B0EA36700A28666 /* Supporting Files */,
				3C92951E2B1082F800063ECC /* API Models */,
				3C5BB4F82B068173005F987D /* Database */,
				25119AAE2B15C06000BE4B3B /* Startup Views */,
				25119AAD2B15C00F00BE4B3B /* Tab View Items */,
				DB7F42C52B067C7100628F6F /* Assets.xcassets */,
				DB14581E2B12D906001825A9 /* Info.plist */,
				DB7F42C72B067C7100628F6F /* Preview Content */,
			);
			path = DailyDose;
			sourceTree = "<group>";
		};
		DB7F42C72B067C7100628F6F /* Preview Content */ = {
			isa = PBXGroup;
			children = (
				DB7F42C82B067C7100628F6F /* Preview Assets.xcassets */,
			);
			path = "Preview Content";
			sourceTree = "<group>";
		};
/* End PBXGroup section */

/* Begin PBXNativeTarget section */
		DB7F42BB2B067C6E00628F6F /* DailyDose */ = {
			isa = PBXNativeTarget;
			buildConfigurationList = DB7F42CC2B067C7100628F6F /* Build configuration list for PBXNativeTarget "DailyDose" */;
			buildPhases = (
				DB7F42B82B067C6E00628F6F /* Sources */,
				DB7F42B92B067C6E00628F6F /* Frameworks */,
				DB7F42BA2B067C6E00628F6F /* Resources */,
			);
			buildRules = (
			);
			dependencies = (
			);
			name = DailyDose;
			productName = DailyDose;
			productReference = DB7F42BC2B067C6E00628F6F /* DailyDose.app */;
			productType = "com.apple.product-type.application";
		};
/* End PBXNativeTarget section */

/* Begin PBXProject section */
		DB7F42B42B067C6E00628F6F /* Project object */ = {
			isa = PBXProject;
			attributes = {
				BuildIndependentTargetsInParallel = 1;
				LastSwiftUpdateCheck = 1500;
				LastUpgradeCheck = 1500;
				ORGANIZATIONNAME = "CS3714 Team 2";
				TargetAttributes = {
					DB7F42BB2B067C6E00628F6F = {
						CreatedOnToolsVersion = 15.0;
					};
				};
			};
			buildConfigurationList = DB7F42B72B067C6E00628F6F /* Build configuration list for PBXProject "DailyDose" */;
			compatibilityVersion = "Xcode 15.0";
			developmentRegion = en;
			hasScannedForEncodings = 0;
			knownRegions = (
				en,
				Base,
			);
			mainGroup = DB7F42B32B067C6E00628F6F;
			productRefGroup = DB7F42BD2B067C6E00628F6F /* Products */;
			projectDirPath = "";
			projectRoot = "";
			targets = (
				DB7F42BB2B067C6E00628F6F /* DailyDose */,
			);
		};
/* End PBXProject section */

/* Begin PBXResourcesBuildPhase section */
		DB7F42BA2B067C6E00628F6F /* Resources */ = {
			isa = PBXResourcesBuildPhase;
			buildActionMask = 2147483647;
			files = (
				3CC860212B0EB0C500A28666 /* InitialDBContent-News.json in Resources */,
				DB7F42C92B067C7100628F6F /* Preview Assets.xcassets in Resources */,
				DB7F42C62B067C7100628F6F /* Assets.xcassets in Resources */,
			);
			runOnlyForDeploymentPostprocessing = 0;
		};
/* End PBXResourcesBuildPhase section */

/* Begin PBXSourcesBuildPhase section */
		DB7F42B82B067C6E00628F6F /* Sources */ = {
			isa = PBXSourcesBuildPhase;
			buildActionMask = 2147483647;
			files = (
				DB4ECC7C2B128880007E7A24 /* WeatherPage.swift in Sources */,
				3C5BB5052B0E9A7B005F987D /* Article.swift in Sources */,
				25119AB82B15C2CC00BE4B3B /* ResetPassword.swift in Sources */,
				3CC860242B105BE900A28666 /* ArticleDetails.swift in Sources */,
				25119ABB2B15C38100BE4B3B /* Settings.swift in Sources */,
				3C5BB5082B0E9F86005F987D /* News.swift in Sources */,
				3CC8601F2B0EA39C00A28666 /* UtilityFunctions.swift in Sources */,
				3C5BB5032B0E99F3005F987D /* NewsPage.swift in Sources */,
				DB9071CE2B15CFFF00562BB0 /* WeatherMap.swift in Sources */,
				DB7F34BF2B12FD8500202040 /* WeatherConversions.swift in Sources */,
				25119AA82B15B72E00BE4B3B /* MemeItem.swift in Sources */,
				25119AA62B15B72E00BE4B3B /* MemeDetails.swift in Sources */,
				3C9295202B10836100063ECC /* GetJsonDataFromApi.swift in Sources */,
				25119AB52B15C06000BE4B3B /* MainView.swift in Sources */,
				25119A8C2B15B6CD00BE4B3B /* DatabaseCreation.swift in Sources */,
				DB7F42C02B067C6E00628F6F /* DailyDoseApp.swift in Sources */,
				3C9295222B10838500063ECC /* NewsApiData.swift in Sources */,
				25119A952B15B70800BE4B3B /* MemesAPIData.swift in Sources */,
				25119AB62B15C06000BE4B3B /* ContentView.swift in Sources */,
				DB14581D2B12D098001825A9 /* CurrentLocation.swift in Sources */,
				DB14581A2B12C0D9001825A9 /* WeatherStructs.swift in Sources */,
				25119A9D2B15B72200BE4B3B /* FavoriteComics.swift in Sources */,
				25119AAA2B15BA3700BE4B3B /* DatabaseClasses.swift in Sources */,
				DB1458172B12BF27001825A9 /* OpenWeatherAPI.swift in Sources */,
				25119AA52B15B72E00BE4B3B /* Memes.swift in Sources */,
				25119A912B15B6EC00BE4B3B /* ComicAPIData.swift in Sources */,
				DB9071CC2B15CFC500562BB0 /* DynamicWeatherBackground.swift in Sources */,
				25119A9E2B15B72200BE4B3B /* ComicDetails.swift in Sources */,
				25119AAC2B15BFF000BE4B3B /* UserAuthentication.swift in Sources */,
				25119A9C2B15B72200BE4B3B /* DailyComic.swift in Sources */,
				25119A962B15B70800BE4B3B /* MemeStruct.swift in Sources */,
				25119AA72B15B72E00BE4B3B /* FavoriteMemes.swift in Sources */,
				25119A9F2B15B72200BE4B3B /* ComicItem.swift in Sources */,
				DB86EEE12B129E7200FFF726 /* HexColor.swift in Sources */,
				25119A902B15B6EC00BE4B3B /* ComicStruct.swift in Sources */,
				25119AB32B15C06000BE4B3B /* LoginView.swift in Sources */,
				3C5BB5002B0681B6005F987D /* Globals.swift in Sources */,
			);
			runOnlyForDeploymentPostprocessing = 0;
		};
/* End PBXSourcesBuildPhase section */

/* Begin XCBuildConfiguration section */
		DB7F42CA2B067C7100628F6F /* Debug */ = {
			isa = XCBuildConfiguration;
			buildSettings = {
				ALWAYS_SEARCH_USER_PATHS = NO;
				ASSETCATALOG_COMPILER_GENERATE_SWIFT_ASSET_SYMBOL_EXTENSIONS = YES;
				CLANG_ANALYZER_NONNULL = YES;
				CLANG_ANALYZER_NUMBER_OBJECT_CONVERSION = YES_AGGRESSIVE;
				CLANG_CXX_LANGUAGE_STANDARD = "gnu++20";
				CLANG_ENABLE_MODULES = YES;
				CLANG_ENABLE_OBJC_ARC = YES;
				CLANG_ENABLE_OBJC_WEAK = YES;
				CLANG_WARN_BLOCK_CAPTURE_AUTORELEASING = YES;
				CLANG_WARN_BOOL_CONVERSION = YES;
				CLANG_WARN_COMMA = YES;
				CLANG_WARN_CONSTANT_CONVERSION = YES;
				CLANG_WARN_DEPRECATED_OBJC_IMPLEMENTATIONS = YES;
				CLANG_WARN_DIRECT_OBJC_ISA_USAGE = YES_ERROR;
				CLANG_WARN_DOCUMENTATION_COMMENTS = YES;
				CLANG_WARN_EMPTY_BODY = YES;
				CLANG_WARN_ENUM_CONVERSION = YES;
				CLANG_WARN_INFINITE_RECURSION = YES;
				CLANG_WARN_INT_CONVERSION = YES;
				CLANG_WARN_NON_LITERAL_NULL_CONVERSION = YES;
				CLANG_WARN_OBJC_IMPLICIT_RETAIN_SELF = YES;
				CLANG_WARN_OBJC_LITERAL_CONVERSION = YES;
				CLANG_WARN_OBJC_ROOT_CLASS = YES_ERROR;
				CLANG_WARN_QUOTED_INCLUDE_IN_FRAMEWORK_HEADER = YES;
				CLANG_WARN_RANGE_LOOP_ANALYSIS = YES;
				CLANG_WARN_STRICT_PROTOTYPES = YES;
				CLANG_WARN_SUSPICIOUS_MOVE = YES;
				CLANG_WARN_UNGUARDED_AVAILABILITY = YES_AGGRESSIVE;
				CLANG_WARN_UNREACHABLE_CODE = YES;
				CLANG_WARN__DUPLICATE_METHOD_MATCH = YES;
				COPY_PHASE_STRIP = NO;
				DEBUG_INFORMATION_FORMAT = dwarf;
				ENABLE_STRICT_OBJC_MSGSEND = YES;
				ENABLE_TESTABILITY = YES;
				ENABLE_USER_SCRIPT_SANDBOXING = YES;
				GCC_C_LANGUAGE_STANDARD = gnu17;
				GCC_DYNAMIC_NO_PIC = NO;
				GCC_NO_COMMON_BLOCKS = YES;
				GCC_OPTIMIZATION_LEVEL = 0;
				GCC_PREPROCESSOR_DEFINITIONS = (
					"DEBUG=1",
					"$(inherited)",
				);
				GCC_WARN_64_TO_32_BIT_CONVERSION = YES;
				GCC_WARN_ABOUT_RETURN_TYPE = YES_ERROR;
				GCC_WARN_UNDECLARED_SELECTOR = YES;
				GCC_WARN_UNINITIALIZED_AUTOS = YES_AGGRESSIVE;
				GCC_WARN_UNUSED_FUNCTION = YES;
				GCC_WARN_UNUSED_VARIABLE = YES;
				IPHONEOS_DEPLOYMENT_TARGET = 17.0;
				LOCALIZATION_PREFERS_STRING_CATALOGS = YES;
				MTL_ENABLE_DEBUG_INFO = INCLUDE_SOURCE;
				MTL_FAST_MATH = YES;
				ONLY_ACTIVE_ARCH = YES;
				SDKROOT = iphoneos;
				SWIFT_ACTIVE_COMPILATION_CONDITIONS = "DEBUG $(inherited)";
				SWIFT_OPTIMIZATION_LEVEL = "-Onone";
			};
			name = Debug;
		};
		DB7F42CB2B067C7100628F6F /* Release */ = {
			isa = XCBuildConfiguration;
			buildSettings = {
				ALWAYS_SEARCH_USER_PATHS = NO;
				ASSETCATALOG_COMPILER_GENERATE_SWIFT_ASSET_SYMBOL_EXTENSIONS = YES;
				CLANG_ANALYZER_NONNULL = YES;
				CLANG_ANALYZER_NUMBER_OBJECT_CONVERSION = YES_AGGRESSIVE;
				CLANG_CXX_LANGUAGE_STANDARD = "gnu++20";
				CLANG_ENABLE_MODULES = YES;
				CLANG_ENABLE_OBJC_ARC = YES;
				CLANG_ENABLE_OBJC_WEAK = YES;
				CLANG_WARN_BLOCK_CAPTURE_AUTORELEASING = YES;
				CLANG_WARN_BOOL_CONVERSION = YES;
				CLANG_WARN_COMMA = YES;
				CLANG_WARN_CONSTANT_CONVERSION = YES;
				CLANG_WARN_DEPRECATED_OBJC_IMPLEMENTATIONS = YES;
				CLANG_WARN_DIRECT_OBJC_ISA_USAGE = YES_ERROR;
				CLANG_WARN_DOCUMENTATION_COMMENTS = YES;
				CLANG_WARN_EMPTY_BODY = YES;
				CLANG_WARN_ENUM_CONVERSION = YES;
				CLANG_WARN_INFINITE_RECURSION = YES;
				CLANG_WARN_INT_CONVERSION = YES;
				CLANG_WARN_NON_LITERAL_NULL_CONVERSION = YES;
				CLANG_WARN_OBJC_IMPLICIT_RETAIN_SELF = YES;
				CLANG_WARN_OBJC_LITERAL_CONVERSION = YES;
				CLANG_WARN_OBJC_ROOT_CLASS = YES_ERROR;
				CLANG_WARN_QUOTED_INCLUDE_IN_FRAMEWORK_HEADER = YES;
				CLANG_WARN_RANGE_LOOP_ANALYSIS = YES;
				CLANG_WARN_STRICT_PROTOTYPES = YES;
				CLANG_WARN_SUSPICIOUS_MOVE = YES;
				CLANG_WARN_UNGUARDED_AVAILABILITY = YES_AGGRESSIVE;
				CLANG_WARN_UNREACHABLE_CODE = YES;
				CLANG_WARN__DUPLICATE_METHOD_MATCH = YES;
				COPY_PHASE_STRIP = NO;
				DEBUG_INFORMATION_FORMAT = "dwarf-with-dsym";
				ENABLE_NS_ASSERTIONS = NO;
				ENABLE_STRICT_OBJC_MSGSEND = YES;
				ENABLE_USER_SCRIPT_SANDBOXING = YES;
				GCC_C_LANGUAGE_STANDARD = gnu17;
				GCC_NO_COMMON_BLOCKS = YES;
				GCC_WARN_64_TO_32_BIT_CONVERSION = YES;
				GCC_WARN_ABOUT_RETURN_TYPE = YES_ERROR;
				GCC_WARN_UNDECLARED_SELECTOR = YES;
				GCC_WARN_UNINITIALIZED_AUTOS = YES_AGGRESSIVE;
				GCC_WARN_UNUSED_FUNCTION = YES;
				GCC_WARN_UNUSED_VARIABLE = YES;
				IPHONEOS_DEPLOYMENT_TARGET = 17.0;
				LOCALIZATION_PREFERS_STRING_CATALOGS = YES;
				MTL_ENABLE_DEBUG_INFO = NO;
				MTL_FAST_MATH = YES;
				SDKROOT = iphoneos;
				SWIFT_COMPILATION_MODE = wholemodule;
				VALIDATE_PRODUCT = YES;
			};
			name = Release;
		};
		DB7F42CD2B067C7100628F6F /* Debug */ = {
			isa = XCBuildConfiguration;
			buildSettings = {
				ASSETCATALOG_COMPILER_APPICON_NAME = AppIcon;
				ASSETCATALOG_COMPILER_GLOBAL_ACCENT_COLOR_NAME = AccentColor;
				CODE_SIGN_STYLE = Automatic;
				CURRENT_PROJECT_VERSION = 1;
				DEVELOPMENT_ASSET_PATHS = "\"DailyDose/Preview Content\"";
				DEVELOPMENT_TEAM = WRDAELJV3M;
				ENABLE_PREVIEWS = YES;
				GENERATE_INFOPLIST_FILE = YES;
				INFOPLIST_FILE = DailyDose/Info.plist;
				INFOPLIST_KEY_UIApplicationSceneManifest_Generation = YES;
				INFOPLIST_KEY_UIApplicationSupportsIndirectInputEvents = YES;
				INFOPLIST_KEY_UISupportedInterfaceOrientations_iPad = "UIInterfaceOrientationPortrait UIInterfaceOrientationPortraitUpsideDown UIInterfaceOrientationLandscapeLeft UIInterfaceOrientationLandscapeRight";
				INFOPLIST_KEY_UISupportedInterfaceOrientations_iPhone = "UIInterfaceOrientationPortrait UIInterfaceOrientationLandscapeLeft UIInterfaceOrientationLandscapeRight";
				LD_RUNPATH_SEARCH_PATHS = (
					"$(inherited)",
					"@executable_path/Frameworks",
				);
				MARKETING_VERSION = 1.0;
				PRODUCT_BUNDLE_IDENTIFIER = com.cs3714team2.DailyDose;
				PRODUCT_NAME = "$(TARGET_NAME)";
				SWIFT_EMIT_LOC_STRINGS = YES;
				SWIFT_VERSION = 5.0;
				TARGETED_DEVICE_FAMILY = "1,2";
			};
			name = Debug;
		};
		DB7F42CE2B067C7100628F6F /* Release */ = {
			isa = XCBuildConfiguration;
			buildSettings = {
				ASSETCATALOG_COMPILER_APPICON_NAME = AppIcon;
				ASSETCATALOG_COMPILER_GLOBAL_ACCENT_COLOR_NAME = AccentColor;
				CODE_SIGN_STYLE = Automatic;
				CURRENT_PROJECT_VERSION = 1;
				DEVELOPMENT_ASSET_PATHS = "\"DailyDose/Preview Content\"";
				DEVELOPMENT_TEAM = WRDAELJV3M;
				ENABLE_PREVIEWS = YES;
				GENERATE_INFOPLIST_FILE = YES;
				INFOPLIST_FILE = DailyDose/Info.plist;
				INFOPLIST_KEY_UIApplicationSceneManifest_Generation = YES;
				INFOPLIST_KEY_UIApplicationSupportsIndirectInputEvents = YES;
				INFOPLIST_KEY_UISupportedInterfaceOrientations_iPad = "UIInterfaceOrientationPortrait UIInterfaceOrientationPortraitUpsideDown UIInterfaceOrientationLandscapeLeft UIInterfaceOrientationLandscapeRight";
				INFOPLIST_KEY_UISupportedInterfaceOrientations_iPhone = "UIInterfaceOrientationPortrait UIInterfaceOrientationLandscapeLeft UIInterfaceOrientationLandscapeRight";
				LD_RUNPATH_SEARCH_PATHS = (
					"$(inherited)",
					"@executable_path/Frameworks",
				);
				MARKETING_VERSION = 1.0;
				PRODUCT_BUNDLE_IDENTIFIER = com.cs3714team2.DailyDose;
				PRODUCT_NAME = "$(TARGET_NAME)";
				SWIFT_EMIT_LOC_STRINGS = YES;
				SWIFT_VERSION = 5.0;
				TARGETED_DEVICE_FAMILY = "1,2";
			};
			name = Release;
		};
/* End XCBuildConfiguration section */

/* Begin XCConfigurationList section */
		DB7F42B72B067C6E00628F6F /* Build configuration list for PBXProject "DailyDose" */ = {
			isa = XCConfigurationList;
			buildConfigurations = (
				DB7F42CA2B067C7100628F6F /* Debug */,
				DB7F42CB2B067C7100628F6F /* Release */,
			);
			defaultConfigurationIsVisible = 0;
			defaultConfigurationName = Release;
		};
		DB7F42CC2B067C7100628F6F /* Build configuration list for PBXNativeTarget "DailyDose" */ = {
			isa = XCConfigurationList;
			buildConfigurations = (
				DB7F42CD2B067C7100628F6F /* Debug */,
				DB7F42CE2B067C7100628F6F /* Release */,
			);
			defaultConfigurationIsVisible = 0;
			defaultConfigurationName = Release;
		};
/* End XCConfigurationList section */
	};
	rootObject = DB7F42B42B067C6E00628F6F /* Project object */;
}
