// !$*UTF8*$!
{
	archiveVersion = 1;
	classes = {
	};
	objectVersion = 60;
	objects = {

/* Begin PBXBuildFile section */
		25119A8C2B15B6CD00BE4B3B /* DatabaseCreation.swift in Sources */ = {isa = PBXBuildFile; fileRef = 25119A8B2B15B6CD00BE4B3B /* DatabaseCreation.swift */; };
		25119A902B15B6EC00BE4B3B /* ComicStruct.swift in Sources */ = {isa = PBXBuildFile; fileRef = 25119A8E2B15B6EC00BE4B3B /* ComicStruct.swift */; };
		25119A912B15B6EC00BE4B3B /* ComicAPI.swift in Sources */ = {isa = PBXBuildFile; fileRef = 25119A8F2B15B6EC00BE4B3B /* ComicAPI.swift */; };
		25119A952B15B70800BE4B3B /* MemeAPI.swift in Sources */ = {isa = PBXBuildFile; fileRef = 25119A932B15B70800BE4B3B /* MemeAPI.swift */; };
		25119A962B15B70800BE4B3B /* MemeStruct.swift in Sources */ = {isa = PBXBuildFile; fileRef = 25119A942B15B70800BE4B3B /* MemeStruct.swift */; };
		25119AA52B15B72E00BE4B3B /* MemesTab.swift in Sources */ = {isa = PBXBuildFile; fileRef = 25119AA12B15B72E00BE4B3B /* MemesTab.swift */; };
		25119AA62B15B72E00BE4B3B /* MemeDetails.swift in Sources */ = {isa = PBXBuildFile; fileRef = 25119AA22B15B72E00BE4B3B /* MemeDetails.swift */; };
		25119AA72B15B72E00BE4B3B /* FavoriteMemes.swift in Sources */ = {isa = PBXBuildFile; fileRef = 25119AA32B15B72E00BE4B3B /* FavoriteMemes.swift */; };
		25119AA82B15B72E00BE4B3B /* MemeItem.swift in Sources */ = {isa = PBXBuildFile; fileRef = 25119AA42B15B72E00BE4B3B /* MemeItem.swift */; };
		25119AAA2B15BA3700BE4B3B /* DatabaseClasses.swift in Sources */ = {isa = PBXBuildFile; fileRef = 25119AA92B15BA3700BE4B3B /* DatabaseClasses.swift */; };
		25119AAC2B15BFF000BE4B3B /* UserAuthentication.swift in Sources */ = {isa = PBXBuildFile; fileRef = 25119AAB2B15BFF000BE4B3B /* UserAuthentication.swift */; };
		25119AB32B15C06000BE4B3B /* LoginView.swift in Sources */ = {isa = PBXBuildFile; fileRef = 25119AAF2B15C06000BE4B3B /* LoginView.swift */; };
		25119AB52B15C06000BE4B3B /* MainView.swift in Sources */ = {isa = PBXBuildFile; fileRef = 25119AB12B15C06000BE4B3B /* MainView.swift */; };
		25119AB62B15C06000BE4B3B /* ContentView.swift in Sources */ = {isa = PBXBuildFile; fileRef = 25119AB22B15C06000BE4B3B /* ContentView.swift */; };
		25119AB82B15C2CC00BE4B3B /* ResetPassword.swift in Sources */ = {isa = PBXBuildFile; fileRef = 25119AB72B15C2CB00BE4B3B /* ResetPassword.swift */; };
		25119ABB2B15C38100BE4B3B /* SettingsTab.swift in Sources */ = {isa = PBXBuildFile; fileRef = 25119ABA2B15C38100BE4B3B /* SettingsTab.swift */; };
		3C5BB5002B0681B6005F987D /* Globals.swift in Sources */ = {isa = PBXBuildFile; fileRef = 3C5BB4FF2B0681B6005F987D /* Globals.swift */; };
		3C5BB5032B0E99F3005F987D /* NewsTab.swift in Sources */ = {isa = PBXBuildFile; fileRef = 3C5BB5022B0E99F3005F987D /* NewsTab.swift */; };
		3C5BB5052B0E9A7B005F987D /* Article.swift in Sources */ = {isa = PBXBuildFile; fileRef = 3C5BB5042B0E9A7B005F987D /* Article.swift */; };
		3C5BB5082B0E9F86005F987D /* NewsStruct.swift in Sources */ = {isa = PBXBuildFile; fileRef = 3C5BB5072B0E9F86005F987D /* NewsStruct.swift */; };
		3C9295202B10836100063ECC /* GetJsonDataFromApi.swift in Sources */ = {isa = PBXBuildFile; fileRef = 3C92951F2B10836100063ECC /* GetJsonDataFromApi.swift */; };
		3C9295222B10838500063ECC /* NewsApiData.swift in Sources */ = {isa = PBXBuildFile; fileRef = 3C9295212B10838500063ECC /* NewsApiData.swift */; };
		3CC8601F2B0EA39C00A28666 /* UtilityFunctions.swift in Sources */ = {isa = PBXBuildFile; fileRef = 3CC8601E2B0EA39C00A28666 /* UtilityFunctions.swift */; };
		3CC860212B0EB0C500A28666 /* InitialDBContent-News.json in Resources */ = {isa = PBXBuildFile; fileRef = 3CC860202B0EB0C400A28666 /* InitialDBContent-News.json */; };
		3CC860242B105BE900A28666 /* ArticleDetails.swift in Sources */ = {isa = PBXBuildFile; fileRef = 3CC860232B105BE900A28666 /* ArticleDetails.swift */; };
		DB1458172B12BF27001825A9 /* OpenWeatherAPI.swift in Sources */ = {isa = PBXBuildFile; fileRef = DB1458162B12BF27001825A9 /* OpenWeatherAPI.swift */; };
		DB14581A2B12C0D9001825A9 /* WeatherStructs.swift in Sources */ = {isa = PBXBuildFile; fileRef = DB1458192B12C0D9001825A9 /* WeatherStructs.swift */; };
		DB14581D2B12D098001825A9 /* CurrentLocation.swift in Sources */ = {isa = PBXBuildFile; fileRef = DB14581C2B12D098001825A9 /* CurrentLocation.swift */; };
		DB33DD0D2B1E73C9006043F8 /* SudokuBox.swift in Sources */ = {isa = PBXBuildFile; fileRef = DB33DD0C2B1E73C9006043F8 /* SudokuBox.swift */; };
		DB33DD132B1E7EB3006043F8 /* SudokuGenerator.swift in Sources */ = {isa = PBXBuildFile; fileRef = DB33DD122B1E7EB3006043F8 /* SudokuGenerator.swift */; };
		DB4ECC7C2B128880007E7A24 /* WeatherTab.swift in Sources */ = {isa = PBXBuildFile; fileRef = DB4ECC7B2B128880007E7A24 /* WeatherTab.swift */; };
		DB6762552B164BC800BB0AB4 /* ArticleList.swift in Sources */ = {isa = PBXBuildFile; fileRef = DB6762542B164BC800BB0AB4 /* ArticleList.swift */; };
		DB6762582B164C4900BB0AB4 /* BookmarkDetails.swift in Sources */ = {isa = PBXBuildFile; fileRef = DB6762572B164C4900BB0AB4 /* BookmarkDetails.swift */; };
		DB67625A2B164C6A00BB0AB4 /* BookmarkedArticle.swift in Sources */ = {isa = PBXBuildFile; fileRef = DB6762592B164C6A00BB0AB4 /* BookmarkedArticle.swift */; };
		DB67625C2B164C7B00BB0AB4 /* Bookmarks.swift in Sources */ = {isa = PBXBuildFile; fileRef = DB67625B2B164C7B00BB0AB4 /* Bookmarks.swift */; };
		DB67625E2B164C9200BB0AB4 /* BookmarksList.swift in Sources */ = {isa = PBXBuildFile; fileRef = DB67625D2B164C9200BB0AB4 /* BookmarksList.swift */; };
		DB7D248D2B1F585400CC7A56 /* SearchResultsList.swift in Sources */ = {isa = PBXBuildFile; fileRef = DB7D24862B1F585300CC7A56 /* SearchResultsList.swift */; };
		DB7D248E2B1F585400CC7A56 /* DatabaseSearch.swift in Sources */ = {isa = PBXBuildFile; fileRef = DB7D24872B1F585300CC7A56 /* DatabaseSearch.swift */; };
		DB7D248F2B1F585400CC7A56 /* ComicItem.swift in Sources */ = {isa = PBXBuildFile; fileRef = DB7D24882B1F585300CC7A56 /* ComicItem.swift */; };
		DB7D24902B1F585400CC7A56 /* ComicsTab.swift in Sources */ = {isa = PBXBuildFile; fileRef = DB7D24892B1F585300CC7A56 /* ComicsTab.swift */; };
		DB7D24912B1F585400CC7A56 /* FavoriteComics.swift in Sources */ = {isa = PBXBuildFile; fileRef = DB7D248A2B1F585300CC7A56 /* FavoriteComics.swift */; };
		DB7D24922B1F585400CC7A56 /* ComicDetails.swift in Sources */ = {isa = PBXBuildFile; fileRef = DB7D248B2B1F585300CC7A56 /* ComicDetails.swift */; };
		DB7D24932B1F585400CC7A56 /* SearchComics.swift in Sources */ = {isa = PBXBuildFile; fileRef = DB7D248C2B1F585400CC7A56 /* SearchComics.swift */; };
		DB7D24952B1F58B000CC7A56 /* NotFound.swift in Sources */ = {isa = PBXBuildFile; fileRef = DB7D24942B1F58B000CC7A56 /* NotFound.swift */; };
		DB7F34BF2B12FD8500202040 /* WeatherConversions.swift in Sources */ = {isa = PBXBuildFile; fileRef = DB7F34BE2B12FD8500202040 /* WeatherConversions.swift */; };
		DB7F42C02B067C6E00628F6F /* DailyDoseApp.swift in Sources */ = {isa = PBXBuildFile; fileRef = DB7F42BF2B067C6E00628F6F /* DailyDoseApp.swift */; };
		DB7F42C62B067C7100628F6F /* Assets.xcassets in Resources */ = {isa = PBXBuildFile; fileRef = DB7F42C52B067C7100628F6F /* Assets.xcassets */; };
		DB7F42C92B067C7100628F6F /* Preview Assets.xcassets in Resources */ = {isa = PBXBuildFile; fileRef = DB7F42C82B067C7100628F6F /* Preview Assets.xcassets */; };
		DB7F9AE02B1C202300AE62F9 /* SudokuView.swift in Sources */ = {isa = PBXBuildFile; fileRef = DB7F9ADF2B1C202300AE62F9 /* SudokuView.swift */; };
		DB7F9AE22B1C205700AE62F9 /* SudokuCell.swift in Sources */ = {isa = PBXBuildFile; fileRef = DB7F9AE12B1C205700AE62F9 /* SudokuCell.swift */; };
		DB7F9AE42B1C208400AE62F9 /* SudokuGrid.swift in Sources */ = {isa = PBXBuildFile; fileRef = DB7F9AE32B1C208400AE62F9 /* SudokuGrid.swift */; };
		DB81991C2B1F2ABD00D13A50 /* SudokuGame.swift in Sources */ = {isa = PBXBuildFile; fileRef = DB81991B2B1F2ABD00D13A50 /* SudokuGame.swift */; };
		DB81991F2B1F2EFD00D13A50 /* SudokuGameView.swift in Sources */ = {isa = PBXBuildFile; fileRef = DB81991E2B1F2EFD00D13A50 /* SudokuGameView.swift */; };
		DB8199212B1F30A200D13A50 /* SudokuMainMenuView.swift in Sources */ = {isa = PBXBuildFile; fileRef = DB8199202B1F30A200D13A50 /* SudokuMainMenuView.swift */; };
		DB8199232B1F407700D13A50 /* SudokuValidator.swift in Sources */ = {isa = PBXBuildFile; fileRef = DB8199222B1F407700D13A50 /* SudokuValidator.swift */; };
		DB86EEE12B129E7200FFF726 /* HexColor.swift in Sources */ = {isa = PBXBuildFile; fileRef = DB86EEE02B129E7200FFF726 /* HexColor.swift */; };
		DB9071CC2B15CFC500562BB0 /* ImmersiveWeather.swift in Sources */ = {isa = PBXBuildFile; fileRef = DB9071CB2B15CFC500562BB0 /* ImmersiveWeather.swift */; };
		DB9071CE2B15CFFF00562BB0 /* WeatherMapWrapper.swift in Sources */ = {isa = PBXBuildFile; fileRef = DB9071CD2B15CFFF00562BB0 /* WeatherMapWrapper.swift */; };
		DBA93A102B15F37B007A155A /* ImmersiveScenes.swift in Sources */ = {isa = PBXBuildFile; fileRef = DBA93A0F2B15F37B007A155A /* ImmersiveScenes.swift */; };
		DBA93A122B16146F007A155A /* HourlyForecastItem.swift in Sources */ = {isa = PBXBuildFile; fileRef = DBA93A112B16146F007A155A /* HourlyForecastItem.swift */; };
		DBA93A152B16257F007A155A /* WeatherMap.swift in Sources */ = {isa = PBXBuildFile; fileRef = DBA93A142B16257F007A155A /* WeatherMap.swift */; };
/* End PBXBuildFile section */

/* Begin PBXFileReference section */
		25119A8B2B15B6CD00BE4B3B /* DatabaseCreation.swift */ = {isa = PBXFileReference; fileEncoding = 4; lastKnownFileType = sourcecode.swift; path = DatabaseCreation.swift; sourceTree = "<group>"; };
		25119A8E2B15B6EC00BE4B3B /* ComicStruct.swift */ = {isa = PBXFileReference; fileEncoding = 4; lastKnownFileType = sourcecode.swift; path = ComicStruct.swift; sourceTree = "<group>"; };
		25119A8F2B15B6EC00BE4B3B /* ComicAPI.swift */ = {isa = PBXFileReference; fileEncoding = 4; lastKnownFileType = sourcecode.swift; path = ComicAPI.swift; sourceTree = "<group>"; };
		25119A932B15B70800BE4B3B /* MemeAPI.swift */ = {isa = PBXFileReference; fileEncoding = 4; lastKnownFileType = sourcecode.swift; path = MemeAPI.swift; sourceTree = "<group>"; };
		25119A942B15B70800BE4B3B /* MemeStruct.swift */ = {isa = PBXFileReference; fileEncoding = 4; lastKnownFileType = sourcecode.swift; path = MemeStruct.swift; sourceTree = "<group>"; };
		25119AA12B15B72E00BE4B3B /* MemesTab.swift */ = {isa = PBXFileReference; fileEncoding = 4; lastKnownFileType = sourcecode.swift; path = MemesTab.swift; sourceTree = "<group>"; };
		25119AA22B15B72E00BE4B3B /* MemeDetails.swift */ = {isa = PBXFileReference; fileEncoding = 4; lastKnownFileType = sourcecode.swift; path = MemeDetails.swift; sourceTree = "<group>"; };
		25119AA32B15B72E00BE4B3B /* FavoriteMemes.swift */ = {isa = PBXFileReference; fileEncoding = 4; lastKnownFileType = sourcecode.swift; path = FavoriteMemes.swift; sourceTree = "<group>"; };
		25119AA42B15B72E00BE4B3B /* MemeItem.swift */ = {isa = PBXFileReference; fileEncoding = 4; lastKnownFileType = sourcecode.swift; path = MemeItem.swift; sourceTree = "<group>"; };
		25119AA92B15BA3700BE4B3B /* DatabaseClasses.swift */ = {isa = PBXFileReference; lastKnownFileType = sourcecode.swift; path = DatabaseClasses.swift; sourceTree = "<group>"; };
		25119AAB2B15BFF000BE4B3B /* UserAuthentication.swift */ = {isa = PBXFileReference; fileEncoding = 4; lastKnownFileType = sourcecode.swift; path = UserAuthentication.swift; sourceTree = "<group>"; };
		25119AAF2B15C06000BE4B3B /* LoginView.swift */ = {isa = PBXFileReference; fileEncoding = 4; lastKnownFileType = sourcecode.swift; path = LoginView.swift; sourceTree = "<group>"; };
		25119AB12B15C06000BE4B3B /* MainView.swift */ = {isa = PBXFileReference; fileEncoding = 4; lastKnownFileType = sourcecode.swift; path = MainView.swift; sourceTree = "<group>"; };
		25119AB22B15C06000BE4B3B /* ContentView.swift */ = {isa = PBXFileReference; fileEncoding = 4; lastKnownFileType = sourcecode.swift; path = ContentView.swift; sourceTree = "<group>"; };
		25119AB72B15C2CB00BE4B3B /* ResetPassword.swift */ = {isa = PBXFileReference; fileEncoding = 4; lastKnownFileType = sourcecode.swift; path = ResetPassword.swift; sourceTree = "<group>"; };
		25119ABA2B15C38100BE4B3B /* SettingsTab.swift */ = {isa = PBXFileReference; fileEncoding = 4; lastKnownFileType = sourcecode.swift; path = SettingsTab.swift; sourceTree = "<group>"; };
		3C5BB4FF2B0681B6005F987D /* Globals.swift */ = {isa = PBXFileReference; fileEncoding = 4; lastKnownFileType = sourcecode.swift; path = Globals.swift; sourceTree = "<group>"; };
		3C5BB5022B0E99F3005F987D /* NewsTab.swift */ = {isa = PBXFileReference; lastKnownFileType = sourcecode.swift; path = NewsTab.swift; sourceTree = "<group>"; };
		3C5BB5042B0E9A7B005F987D /* Article.swift */ = {isa = PBXFileReference; lastKnownFileType = sourcecode.swift; path = Article.swift; sourceTree = "<group>"; };
		3C5BB5072B0E9F86005F987D /* NewsStruct.swift */ = {isa = PBXFileReference; lastKnownFileType = sourcecode.swift; path = NewsStruct.swift; sourceTree = "<group>"; };
		3C92951F2B10836100063ECC /* GetJsonDataFromApi.swift */ = {isa = PBXFileReference; fileEncoding = 4; lastKnownFileType = sourcecode.swift; path = GetJsonDataFromApi.swift; sourceTree = "<group>"; };
		3C9295212B10838500063ECC /* NewsApiData.swift */ = {isa = PBXFileReference; lastKnownFileType = sourcecode.swift; path = NewsApiData.swift; sourceTree = "<group>"; };
		3CC8601E2B0EA39C00A28666 /* UtilityFunctions.swift */ = {isa = PBXFileReference; fileEncoding = 4; lastKnownFileType = sourcecode.swift; path = UtilityFunctions.swift; sourceTree = "<group>"; };
		3CC860202B0EB0C400A28666 /* InitialDBContent-News.json */ = {isa = PBXFileReference; fileEncoding = 4; lastKnownFileType = text.json; path = "InitialDBContent-News.json"; sourceTree = "<group>"; };
		3CC860232B105BE900A28666 /* ArticleDetails.swift */ = {isa = PBXFileReference; lastKnownFileType = sourcecode.swift; path = ArticleDetails.swift; sourceTree = "<group>"; };
		DB1458162B12BF27001825A9 /* OpenWeatherAPI.swift */ = {isa = PBXFileReference; lastKnownFileType = sourcecode.swift; path = OpenWeatherAPI.swift; sourceTree = "<group>"; };
		DB1458192B12C0D9001825A9 /* WeatherStructs.swift */ = {isa = PBXFileReference; lastKnownFileType = sourcecode.swift; path = WeatherStructs.swift; sourceTree = "<group>"; };
		DB14581C2B12D098001825A9 /* CurrentLocation.swift */ = {isa = PBXFileReference; fileEncoding = 4; lastKnownFileType = sourcecode.swift; path = CurrentLocation.swift; sourceTree = "<group>"; };
		DB14581E2B12D906001825A9 /* Info.plist */ = {isa = PBXFileReference; lastKnownFileType = text.plist; path = Info.plist; sourceTree = "<group>"; };
		DB33DD0C2B1E73C9006043F8 /* SudokuBox.swift */ = {isa = PBXFileReference; lastKnownFileType = sourcecode.swift; path = SudokuBox.swift; sourceTree = "<group>"; };
		DB33DD122B1E7EB3006043F8 /* SudokuGenerator.swift */ = {isa = PBXFileReference; lastKnownFileType = sourcecode.swift; path = SudokuGenerator.swift; sourceTree = "<group>"; };
		DB4ECC7B2B128880007E7A24 /* WeatherTab.swift */ = {isa = PBXFileReference; lastKnownFileType = sourcecode.swift; path = WeatherTab.swift; sourceTree = "<group>"; };
		DB6762542B164BC800BB0AB4 /* ArticleList.swift */ = {isa = PBXFileReference; lastKnownFileType = sourcecode.swift; path = ArticleList.swift; sourceTree = "<group>"; };
		DB6762572B164C4900BB0AB4 /* BookmarkDetails.swift */ = {isa = PBXFileReference; lastKnownFileType = sourcecode.swift; path = BookmarkDetails.swift; sourceTree = "<group>"; };
		DB6762592B164C6A00BB0AB4 /* BookmarkedArticle.swift */ = {isa = PBXFileReference; lastKnownFileType = sourcecode.swift; path = BookmarkedArticle.swift; sourceTree = "<group>"; };
		DB67625B2B164C7B00BB0AB4 /* Bookmarks.swift */ = {isa = PBXFileReference; lastKnownFileType = sourcecode.swift; path = Bookmarks.swift; sourceTree = "<group>"; };
		DB67625D2B164C9200BB0AB4 /* BookmarksList.swift */ = {isa = PBXFileReference; lastKnownFileType = sourcecode.swift; path = BookmarksList.swift; sourceTree = "<group>"; };
		DB7D24862B1F585300CC7A56 /* SearchResultsList.swift */ = {isa = PBXFileReference; fileEncoding = 4; lastKnownFileType = sourcecode.swift; path = SearchResultsList.swift; sourceTree = "<group>"; };
		DB7D24872B1F585300CC7A56 /* DatabaseSearch.swift */ = {isa = PBXFileReference; fileEncoding = 4; lastKnownFileType = sourcecode.swift; path = DatabaseSearch.swift; sourceTree = "<group>"; };
		DB7D24882B1F585300CC7A56 /* ComicItem.swift */ = {isa = PBXFileReference; fileEncoding = 4; lastKnownFileType = sourcecode.swift; path = ComicItem.swift; sourceTree = "<group>"; };
		DB7D24892B1F585300CC7A56 /* ComicsTab.swift */ = {isa = PBXFileReference; fileEncoding = 4; lastKnownFileType = sourcecode.swift; path = ComicsTab.swift; sourceTree = "<group>"; };
		DB7D248A2B1F585300CC7A56 /* FavoriteComics.swift */ = {isa = PBXFileReference; fileEncoding = 4; lastKnownFileType = sourcecode.swift; path = FavoriteComics.swift; sourceTree = "<group>"; };
		DB7D248B2B1F585300CC7A56 /* ComicDetails.swift */ = {isa = PBXFileReference; fileEncoding = 4; lastKnownFileType = sourcecode.swift; path = ComicDetails.swift; sourceTree = "<group>"; };
		DB7D248C2B1F585400CC7A56 /* SearchComics.swift */ = {isa = PBXFileReference; fileEncoding = 4; lastKnownFileType = sourcecode.swift; path = SearchComics.swift; sourceTree = "<group>"; };
		DB7D24942B1F58B000CC7A56 /* NotFound.swift */ = {isa = PBXFileReference; fileEncoding = 4; lastKnownFileType = sourcecode.swift; path = NotFound.swift; sourceTree = "<group>"; };
		DB7F34BE2B12FD8500202040 /* WeatherConversions.swift */ = {isa = PBXFileReference; lastKnownFileType = sourcecode.swift; path = WeatherConversions.swift; sourceTree = "<group>"; };
		DB7F42BC2B067C6E00628F6F /* DailyDose.app */ = {isa = PBXFileReference; explicitFileType = wrapper.application; includeInIndex = 0; path = DailyDose.app; sourceTree = BUILT_PRODUCTS_DIR; };
		DB7F42BF2B067C6E00628F6F /* DailyDoseApp.swift */ = {isa = PBXFileReference; lastKnownFileType = sourcecode.swift; path = DailyDoseApp.swift; sourceTree = "<group>"; };
		DB7F42C52B067C7100628F6F /* Assets.xcassets */ = {isa = PBXFileReference; lastKnownFileType = folder.assetcatalog; path = Assets.xcassets; sourceTree = "<group>"; };
		DB7F42C82B067C7100628F6F /* Preview Assets.xcassets */ = {isa = PBXFileReference; lastKnownFileType = folder.assetcatalog; path = "Preview Assets.xcassets"; sourceTree = "<group>"; };
		DB7F9ADF2B1C202300AE62F9 /* SudokuView.swift */ = {isa = PBXFileReference; lastKnownFileType = sourcecode.swift; path = SudokuView.swift; sourceTree = "<group>"; };
		DB7F9AE12B1C205700AE62F9 /* SudokuCell.swift */ = {isa = PBXFileReference; lastKnownFileType = sourcecode.swift; path = SudokuCell.swift; sourceTree = "<group>"; };
		DB7F9AE32B1C208400AE62F9 /* SudokuGrid.swift */ = {isa = PBXFileReference; lastKnownFileType = sourcecode.swift; path = SudokuGrid.swift; sourceTree = "<group>"; };
		DB81991B2B1F2ABD00D13A50 /* SudokuGame.swift */ = {isa = PBXFileReference; lastKnownFileType = sourcecode.swift; path = SudokuGame.swift; sourceTree = "<group>"; };
		DB81991E2B1F2EFD00D13A50 /* SudokuGameView.swift */ = {isa = PBXFileReference; lastKnownFileType = sourcecode.swift; path = SudokuGameView.swift; sourceTree = "<group>"; };
		DB8199202B1F30A200D13A50 /* SudokuMainMenuView.swift */ = {isa = PBXFileReference; lastKnownFileType = sourcecode.swift; path = SudokuMainMenuView.swift; sourceTree = "<group>"; };
		DB8199222B1F407700D13A50 /* SudokuValidator.swift */ = {isa = PBXFileReference; lastKnownFileType = sourcecode.swift; path = SudokuValidator.swift; sourceTree = "<group>"; };
		DB86EEE02B129E7200FFF726 /* HexColor.swift */ = {isa = PBXFileReference; lastKnownFileType = sourcecode.swift; path = HexColor.swift; sourceTree = "<group>"; };
		DB9071CB2B15CFC500562BB0 /* ImmersiveWeather.swift */ = {isa = PBXFileReference; lastKnownFileType = sourcecode.swift; path = ImmersiveWeather.swift; sourceTree = "<group>"; };
		DB9071CD2B15CFFF00562BB0 /* WeatherMapWrapper.swift */ = {isa = PBXFileReference; lastKnownFileType = sourcecode.swift; path = WeatherMapWrapper.swift; sourceTree = "<group>"; };
		DBA93A0F2B15F37B007A155A /* ImmersiveScenes.swift */ = {isa = PBXFileReference; lastKnownFileType = sourcecode.swift; path = ImmersiveScenes.swift; sourceTree = "<group>"; };
		DBA93A112B16146F007A155A /* HourlyForecastItem.swift */ = {isa = PBXFileReference; lastKnownFileType = sourcecode.swift; path = HourlyForecastItem.swift; sourceTree = "<group>"; };
		DBA93A142B16257F007A155A /* WeatherMap.swift */ = {isa = PBXFileReference; lastKnownFileType = sourcecode.swift; path = WeatherMap.swift; sourceTree = "<group>"; };
/* End PBXFileReference section */

/* Begin PBXFrameworksBuildPhase section */
		DB7F42B92B067C6E00628F6F /* Frameworks */ = {
			isa = PBXFrameworksBuildPhase;
			buildActionMask = 2147483647;
			files = (
			);
			runOnlyForDeploymentPostprocessing = 0;
		};
/* End PBXFrameworksBuildPhase section */

/* Begin PBXGroup section */
		25119A8D2B15B6EC00BE4B3B /* xkcd Comic */ = {
			isa = PBXGroup;
			children = (
				25119A8F2B15B6EC00BE4B3B /* ComicAPI.swift */,
				25119A8E2B15B6EC00BE4B3B /* ComicStruct.swift */,
			);
			path = "xkcd Comic";
			sourceTree = "<group>";
		};
		25119A922B15B70800BE4B3B /* Memes */ = {
			isa = PBXGroup;
			children = (
				25119A932B15B70800BE4B3B /* MemeAPI.swift */,
				25119A942B15B70800BE4B3B /* MemeStruct.swift */,
			);
			path = Memes;
			sourceTree = "<group>";
		};
		25119A972B15B72200BE4B3B /* Comics */ = {
			isa = PBXGroup;
			children = (
				DB7D248B2B1F585300CC7A56 /* ComicDetails.swift */,
				DB7D24882B1F585300CC7A56 /* ComicItem.swift */,
				DB7D24892B1F585300CC7A56 /* ComicsTab.swift */,
				DB7D24872B1F585300CC7A56 /* DatabaseSearch.swift */,
				DB7D248A2B1F585300CC7A56 /* FavoriteComics.swift */,
				DB7D248C2B1F585400CC7A56 /* SearchComics.swift */,
				DB7D24862B1F585300CC7A56 /* SearchResultsList.swift */,
			);
			path = Comics;
			sourceTree = "<group>";
		};
		25119AA02B15B72E00BE4B3B /* Memes */ = {
			isa = PBXGroup;
			children = (
				25119AA12B15B72E00BE4B3B /* MemesTab.swift */,
				25119AA22B15B72E00BE4B3B /* MemeDetails.swift */,
				25119AA32B15B72E00BE4B3B /* FavoriteMemes.swift */,
				25119AA42B15B72E00BE4B3B /* MemeItem.swift */,
			);
			path = Memes;
			sourceTree = "<group>";
		};
		25119AAD2B15C00F00BE4B3B /* Tab View Items */ = {
			isa = PBXGroup;
			children = (
				DB6762562B164C2C00BB0AB4 /* News DB */,
				3C5BB5012B0E9998005F987D /* News */,
				DB4ECC7A2B128867007E7A24 /* Weather */,
				25119A972B15B72200BE4B3B /* Comics */,
				25119AA02B15B72E00BE4B3B /* Memes */,
				DB7F9ADD2B1C1FE600AE62F9 /* Sudoku */,
				25119AB92B15C38100BE4B3B /* Settings */,
			);
			path = "Tab View Items";
			sourceTree = "<group>";
		};
		25119AAE2B15C06000BE4B3B /* Startup Views */ = {
			isa = PBXGroup;
			children = (
				25119AAF2B15C06000BE4B3B /* LoginView.swift */,
				25119AB72B15C2CB00BE4B3B /* ResetPassword.swift */,
				25119AB12B15C06000BE4B3B /* MainView.swift */,
				25119AB22B15C06000BE4B3B /* ContentView.swift */,
			);
			path = "Startup Views";
			sourceTree = "<group>";
		};
		25119AB92B15C38100BE4B3B /* Settings */ = {
			isa = PBXGroup;
			children = (
				25119ABA2B15C38100BE4B3B /* SettingsTab.swift */,
			);
			path = Settings;
			sourceTree = "<group>";
		};
		3C5BB4F82B068173005F987D /* Database */ = {
			isa = PBXGroup;
			children = (
				25119AA92B15BA3700BE4B3B /* DatabaseClasses.swift */,
				25119A8B2B15B6CD00BE4B3B /* DatabaseCreation.swift */,
				3CC860222B0EB19300A28666 /* News */,
			);
			path = Database;
			sourceTree = "<group>";
		};
		3C5BB5012B0E9998005F987D /* News */ = {
			isa = PBXGroup;
			children = (
				3C5BB5022B0E99F3005F987D /* NewsTab.swift */,
				3C5BB5042B0E9A7B005F987D /* Article.swift */,
				3CC860232B105BE900A28666 /* ArticleDetails.swift */,
				DB6762542B164BC800BB0AB4 /* ArticleList.swift */,
			);
			path = News;
			sourceTree = "<group>";
		};
		3C92951E2B1082F800063ECC /* API Models */ = {
			isa = PBXGroup;
			children = (
				DB9071CF2B15D25B00562BB0 /* News */,
				DB1458182B12C0BC001825A9 /* OpenWeather */,
				25119A8D2B15B6EC00BE4B3B /* xkcd Comic */,
				25119A922B15B70800BE4B3B /* Memes */,
			);
			path = "API Models";
			sourceTree = "<group>";
		};
		3CC8601D2B0EA36700A28666 /* Supporting Files */ = {
			isa = PBXGroup;
			children = (
				DB7D24942B1F58B000CC7A56 /* NotFound.swift */,
				3C5BB4FF2B0681B6005F987D /* Globals.swift */,
				DB14581C2B12D098001825A9 /* CurrentLocation.swift */,
				DB86EEE02B129E7200FFF726 /* HexColor.swift */,
				3C92951F2B10836100063ECC /* GetJsonDataFromApi.swift */,
				3CC8601E2B0EA39C00A28666 /* UtilityFunctions.swift */,
				DB7F34BE2B12FD8500202040 /* WeatherConversions.swift */,
				25119AAB2B15BFF000BE4B3B /* UserAuthentication.swift */,
			);
			path = "Supporting Files";
			sourceTree = "<group>";
		};
		3CC860222B0EB19300A28666 /* News */ = {
			isa = PBXGroup;
			children = (
				3CC860202B0EB0C400A28666 /* InitialDBContent-News.json */,
			);
			name = News;
			sourceTree = "<group>";
		};
		DB1458182B12C0BC001825A9 /* OpenWeather */ = {
			isa = PBXGroup;
			children = (
				DB1458162B12BF27001825A9 /* OpenWeatherAPI.swift */,
				DB1458192B12C0D9001825A9 /* WeatherStructs.swift */,
			);
			path = OpenWeather;
			sourceTree = "<group>";
		};
		DB4ECC7A2B128867007E7A24 /* Weather */ = {
			isa = PBXGroup;
			children = (
				DB4ECC7B2B128880007E7A24 /* WeatherTab.swift */,
				DBA93A142B16257F007A155A /* WeatherMap.swift */,
				DB9071CD2B15CFFF00562BB0 /* WeatherMapWrapper.swift */,
				DBA93A0E2B15F33B007A155A /* Immersive Background */,
				DBA93A132B16147B007A155A /* Forecasts */,
			);
			path = Weather;
			sourceTree = "<group>";
		};
		DB6762562B164C2C00BB0AB4 /* News DB */ = {
			isa = PBXGroup;
			children = (
				DB6762572B164C4900BB0AB4 /* BookmarkDetails.swift */,
				DB6762592B164C6A00BB0AB4 /* BookmarkedArticle.swift */,
				DB67625B2B164C7B00BB0AB4 /* Bookmarks.swift */,
				DB67625D2B164C9200BB0AB4 /* BookmarksList.swift */,
			);
			path = "News DB";
			sourceTree = "<group>";
		};
		DB7F42B32B067C6E00628F6F = {
			isa = PBXGroup;
			children = (
				DB7F42BE2B067C6E00628F6F /* DailyDose */,
				DB7F42BD2B067C6E00628F6F /* Products */,
			);
			sourceTree = "<group>";
		};
		DB7F42BD2B067C6E00628F6F /* Products */ = {
			isa = PBXGroup;
			children = (
				DB7F42BC2B067C6E00628F6F /* DailyDose.app */,
			);
			name = Products;
			sourceTree = "<group>";
		};
		DB7F42BE2B067C6E00628F6F /* DailyDose */ = {
			isa = PBXGroup;
			children = (
				DB7F42BF2B067C6E00628F6F /* DailyDoseApp.swift */,
				3C92951E2B1082F800063ECC /* API Models */,
				3C5BB4F82B068173005F987D /* Database */,
				25119AAE2B15C06000BE4B3B /* Startup Views */,
				25119AAD2B15C00F00BE4B3B /* Tab View Items */,
				3CC8601D2B0EA36700A28666 /* Supporting Files */,
				DB7F42C52B067C7100628F6F /* Assets.xcassets */,
				DB14581E2B12D906001825A9 /* Info.plist */,
				DB7F42C72B067C7100628F6F /* Preview Content */,
			);
			path = DailyDose;
			sourceTree = "<group>";
		};
		DB7F42C72B067C7100628F6F /* Preview Content */ = {
			isa = PBXGroup;
			children = (
				DB7F42C82B067C7100628F6F /* Preview Assets.xcassets */,
			);
			path = "Preview Content";
			sourceTree = "<group>";
		};
		DB7F9ADD2B1C1FE600AE62F9 /* Sudoku */ = {
			isa = PBXGroup;
			children = (
				DB81991D2B1F2DB100D13A50 /* Main Views */,
				DB81991A2B1F2A9700D13A50 /* Logic */,
				DB7F9ADE2B1C201500AE62F9 /* Board Views */,
			);
			path = Sudoku;
			sourceTree = "<group>";
		};
		DB7F9ADE2B1C201500AE62F9 /* Board Views */ = {
			isa = PBXGroup;
			children = (
				DB7F9AE32B1C208400AE62F9 /* SudokuGrid.swift */,
				DB33DD0C2B1E73C9006043F8 /* SudokuBox.swift */,
				DB7F9AE12B1C205700AE62F9 /* SudokuCell.swift */,
			);
			path = "Board Views";
			sourceTree = "<group>";
		};
		DB81991A2B1F2A9700D13A50 /* Logic */ = {
			isa = PBXGroup;
			children = (
				DB81991B2B1F2ABD00D13A50 /* SudokuGame.swift */,
				DB33DD122B1E7EB3006043F8 /* SudokuGenerator.swift */,
				DB8199222B1F407700D13A50 /* SudokuValidator.swift */,
			);
			path = Logic;
			sourceTree = "<group>";
		};
		DB81991D2B1F2DB100D13A50 /* Main Views */ = {
			isa = PBXGroup;
			children = (
				DB7F9ADF2B1C202300AE62F9 /* SudokuView.swift */,
				DB81991E2B1F2EFD00D13A50 /* SudokuGameView.swift */,
				DB8199202B1F30A200D13A50 /* SudokuMainMenuView.swift */,
			);
			path = "Main Views";
			sourceTree = "<group>";
		};
		DB9071CF2B15D25B00562BB0 /* News */ = {
			isa = PBXGroup;
			children = (
				3C9295212B10838500063ECC /* NewsApiData.swift */,
				3C5BB5072B0E9F86005F987D /* NewsStruct.swift */,
			);
			path = News;
			sourceTree = "<group>";
		};
		DBA93A0E2B15F33B007A155A /* Immersive Background */ = {
			isa = PBXGroup;
			children = (
				DB9071CB2B15CFC500562BB0 /* ImmersiveWeather.swift */,
				DBA93A0F2B15F37B007A155A /* ImmersiveScenes.swift */,
			);
			path = "Immersive Background";
			sourceTree = "<group>";
		};
		DBA93A132B16147B007A155A /* Forecasts */ = {
			isa = PBXGroup;
			children = (
				DBA93A112B16146F007A155A /* HourlyForecastItem.swift */,
			);
			path = Forecasts;
			sourceTree = "<group>";
		};
/* End PBXGroup section */

/* Begin PBXNativeTarget section */
		DB7F42BB2B067C6E00628F6F /* DailyDose */ = {
			isa = PBXNativeTarget;
			buildConfigurationList = DB7F42CC2B067C7100628F6F /* Build configuration list for PBXNativeTarget "DailyDose" */;
			buildPhases = (
				DB7F42B82B067C6E00628F6F /* Sources */,
				DB7F42B92B067C6E00628F6F /* Frameworks */,
				DB7F42BA2B067C6E00628F6F /* Resources */,
			);
			buildRules = (
			);
			dependencies = (
			);
			name = DailyDose;
			productName = DailyDose;
			productReference = DB7F42BC2B067C6E00628F6F /* DailyDose.app */;
			productType = "com.apple.product-type.application";
		};
/* End PBXNativeTarget section */

/* Begin PBXProject section */
		DB7F42B42B067C6E00628F6F /* Project object */ = {
			isa = PBXProject;
			attributes = {
				BuildIndependentTargetsInParallel = 1;
				LastSwiftUpdateCheck = 1500;
				LastUpgradeCheck = 1500;
				ORGANIZATIONNAME = "CS3714 Team 2";
				TargetAttributes = {
					DB7F42BB2B067C6E00628F6F = {
						CreatedOnToolsVersion = 15.0;
					};
				};
			};
			buildConfigurationList = DB7F42B72B067C6E00628F6F /* Build configuration list for PBXProject "DailyDose" */;
			compatibilityVersion = "Xcode 15.0";
			developmentRegion = en;
			hasScannedForEncodings = 0;
			knownRegions = (
				en,
				Base,
			);
			mainGroup = DB7F42B32B067C6E00628F6F;
			productRefGroup = DB7F42BD2B067C6E00628F6F /* Products */;
			projectDirPath = "";
			projectRoot = "";
			targets = (
				DB7F42BB2B067C6E00628F6F /* DailyDose */,
			);
		};
/* End PBXProject section */

/* Begin PBXResourcesBuildPhase section */
		DB7F42BA2B067C6E00628F6F /* Resources */ = {
			isa = PBXResourcesBuildPhase;
			buildActionMask = 2147483647;
			files = (
				3CC860212B0EB0C500A28666 /* InitialDBContent-News.json in Resources */,
				DB7F42C92B067C7100628F6F /* Preview Assets.xcassets in Resources */,
				DB7F42C62B067C7100628F6F /* Assets.xcassets in Resources */,
			);
			runOnlyForDeploymentPostprocessing = 0;
		};
/* End PBXResourcesBuildPhase section */

/* Begin PBXSourcesBuildPhase section */
		DB7F42B82B067C6E00628F6F /* Sources */ = {
			isa = PBXSourcesBuildPhase;
			buildActionMask = 2147483647;
			files = (
				DB7D248D2B1F585400CC7A56 /* SearchResultsList.swift in Sources */,
				DB81991C2B1F2ABD00D13A50 /* SudokuGame.swift in Sources */,
				DB33DD132B1E7EB3006043F8 /* SudokuGenerator.swift in Sources */,
				DB4ECC7C2B128880007E7A24 /* WeatherTab.swift in Sources */,
				3C5BB5052B0E9A7B005F987D /* Article.swift in Sources */,
				25119AB82B15C2CC00BE4B3B /* ResetPassword.swift in Sources */,
				3CC860242B105BE900A28666 /* ArticleDetails.swift in Sources */,
				25119ABB2B15C38100BE4B3B /* SettingsTab.swift in Sources */,
				3C5BB5082B0E9F86005F987D /* NewsStruct.swift in Sources */,
				3CC8601F2B0EA39C00A28666 /* UtilityFunctions.swift in Sources */,
				DB7D248E2B1F585400CC7A56 /* DatabaseSearch.swift in Sources */,
				3C5BB5032B0E99F3005F987D /* NewsTab.swift in Sources */,
				DB7F9AE02B1C202300AE62F9 /* SudokuView.swift in Sources */,
				DB81991F2B1F2EFD00D13A50 /* SudokuGameView.swift in Sources */,
				DB6762552B164BC800BB0AB4 /* ArticleList.swift in Sources */,
				DB7D248F2B1F585400CC7A56 /* ComicItem.swift in Sources */,
				DB7D24952B1F58B000CC7A56 /* NotFound.swift in Sources */,
				DBA93A152B16257F007A155A /* WeatherMap.swift in Sources */,
				DB7D24902B1F585400CC7A56 /* ComicsTab.swift in Sources */,
				DB9071CE2B15CFFF00562BB0 /* WeatherMapWrapper.swift in Sources */,
				DB67625A2B164C6A00BB0AB4 /* BookmarkedArticle.swift in Sources */,
				DB7F34BF2B12FD8500202040 /* WeatherConversions.swift in Sources */,
				DBA93A122B16146F007A155A /* HourlyForecastItem.swift in Sources */,
				25119AA82B15B72E00BE4B3B /* MemeItem.swift in Sources */,
				DB6762582B164C4900BB0AB4 /* BookmarkDetails.swift in Sources */,
				25119AA62B15B72E00BE4B3B /* MemeDetails.swift in Sources */,
				3C9295202B10836100063ECC /* GetJsonDataFromApi.swift in Sources */,
				25119AB52B15C06000BE4B3B /* MainView.swift in Sources */,
				25119A8C2B15B6CD00BE4B3B /* DatabaseCreation.swift in Sources */,
				DB7F42C02B067C6E00628F6F /* DailyDoseApp.swift in Sources */,
				DB7D24932B1F585400CC7A56 /* SearchComics.swift in Sources */,
				3C9295222B10838500063ECC /* NewsApiData.swift in Sources */,
				25119A952B15B70800BE4B3B /* MemeAPI.swift in Sources */,
				DB8199232B1F407700D13A50 /* SudokuValidator.swift in Sources */,
				DBA93A102B15F37B007A155A /* ImmersiveScenes.swift in Sources */,
				DB7F9AE22B1C205700AE62F9 /* SudokuCell.swift in Sources */,
				25119AB62B15C06000BE4B3B /* ContentView.swift in Sources */,
				DB14581D2B12D098001825A9 /* CurrentLocation.swift in Sources */,
				DB14581A2B12C0D9001825A9 /* WeatherStructs.swift in Sources */,
				DB7D24912B1F585400CC7A56 /* FavoriteComics.swift in Sources */,
				25119AAA2B15BA3700BE4B3B /* DatabaseClasses.swift in Sources */,
				DB1458172B12BF27001825A9 /* OpenWeatherAPI.swift in Sources */,
				25119AA52B15B72E00BE4B3B /* MemesTab.swift in Sources */,
				25119A912B15B6EC00BE4B3B /* ComicAPI.swift in Sources */,
				DB9071CC2B15CFC500562BB0 /* ImmersiveWeather.swift in Sources */,
				25119AAC2B15BFF000BE4B3B /* UserAuthentication.swift in Sources */,
				DB67625C2B164C7B00BB0AB4 /* Bookmarks.swift in Sources */,
				25119A962B15B70800BE4B3B /* MemeStruct.swift in Sources */,
				25119AA72B15B72E00BE4B3B /* FavoriteMemes.swift in Sources */,
				DB8199212B1F30A200D13A50 /* SudokuMainMenuView.swift in Sources */,
				DB86EEE12B129E7200FFF726 /* HexColor.swift in Sources */,
				25119A902B15B6EC00BE4B3B /* ComicStruct.swift in Sources */,
				DB7D24922B1F585400CC7A56 /* ComicDetails.swift in Sources */,
				DB33DD0D2B1E73C9006043F8 /* SudokuBox.swift in Sources */,
				DB7F9AE42B1C208400AE62F9 /* SudokuGrid.swift in Sources */,
				DB67625E2B164C9200BB0AB4 /* BookmarksList.swift in Sources */,
				25119AB32B15C06000BE4B3B /* LoginView.swift in Sources */,
				3C5BB5002B0681B6005F987D /* Globals.swift in Sources */,
			);
			runOnlyForDeploymentPostprocessing = 0;
		};
/* End PBXSourcesBuildPhase section */

/* Begin XCBuildConfiguration section */
		DB7F42CA2B067C7100628F6F /* Debug */ = {
			isa = XCBuildConfiguration;
			buildSettings = {
				ALWAYS_SEARCH_USER_PATHS = NO;
				ASSETCATALOG_COMPILER_GENERATE_SWIFT_ASSET_SYMBOL_EXTENSIONS = YES;
				CLANG_ANALYZER_NONNULL = YES;
				CLANG_ANALYZER_NUMBER_OBJECT_CONVERSION = YES_AGGRESSIVE;
				CLANG_CXX_LANGUAGE_STANDARD = "gnu++20";
				CLANG_ENABLE_MODULES = YES;
				CLANG_ENABLE_OBJC_ARC = YES;
				CLANG_ENABLE_OBJC_WEAK = YES;
				CLANG_WARN_BLOCK_CAPTURE_AUTORELEASING = YES;
				CLANG_WARN_BOOL_CONVERSION = YES;
				CLANG_WARN_COMMA = YES;
				CLANG_WARN_CONSTANT_CONVERSION = YES;
				CLANG_WARN_DEPRECATED_OBJC_IMPLEMENTATIONS = YES;
				CLANG_WARN_DIRECT_OBJC_ISA_USAGE = YES_ERROR;
				CLANG_WARN_DOCUMENTATION_COMMENTS = YES;
				CLANG_WARN_EMPTY_BODY = YES;
				CLANG_WARN_ENUM_CONVERSION = YES;
				CLANG_WARN_INFINITE_RECURSION = YES;
				CLANG_WARN_INT_CONVERSION = YES;
				CLANG_WARN_NON_LITERAL_NULL_CONVERSION = YES;
				CLANG_WARN_OBJC_IMPLICIT_RETAIN_SELF = YES;
				CLANG_WARN_OBJC_LITERAL_CONVERSION = YES;
				CLANG_WARN_OBJC_ROOT_CLASS = YES_ERROR;
				CLANG_WARN_QUOTED_INCLUDE_IN_FRAMEWORK_HEADER = YES;
				CLANG_WARN_RANGE_LOOP_ANALYSIS = YES;
				CLANG_WARN_STRICT_PROTOTYPES = YES;
				CLANG_WARN_SUSPICIOUS_MOVE = YES;
				CLANG_WARN_UNGUARDED_AVAILABILITY = YES_AGGRESSIVE;
				CLANG_WARN_UNREACHABLE_CODE = YES;
				CLANG_WARN__DUPLICATE_METHOD_MATCH = YES;
				COPY_PHASE_STRIP = NO;
				DEBUG_INFORMATION_FORMAT = dwarf;
				ENABLE_STRICT_OBJC_MSGSEND = YES;
				ENABLE_TESTABILITY = YES;
				ENABLE_USER_SCRIPT_SANDBOXING = YES;
				GCC_C_LANGUAGE_STANDARD = gnu17;
				GCC_DYNAMIC_NO_PIC = NO;
				GCC_NO_COMMON_BLOCKS = YES;
				GCC_OPTIMIZATION_LEVEL = 0;
				GCC_PREPROCESSOR_DEFINITIONS = (
					"DEBUG=1",
					"$(inherited)",
				);
				GCC_WARN_64_TO_32_BIT_CONVERSION = YES;
				GCC_WARN_ABOUT_RETURN_TYPE = YES_ERROR;
				GCC_WARN_UNDECLARED_SELECTOR = YES;
				GCC_WARN_UNINITIALIZED_AUTOS = YES_AGGRESSIVE;
				GCC_WARN_UNUSED_FUNCTION = YES;
				GCC_WARN_UNUSED_VARIABLE = YES;
				IPHONEOS_DEPLOYMENT_TARGET = 17.0;
				LOCALIZATION_PREFERS_STRING_CATALOGS = YES;
				MTL_ENABLE_DEBUG_INFO = INCLUDE_SOURCE;
				MTL_FAST_MATH = YES;
				ONLY_ACTIVE_ARCH = YES;
				SDKROOT = iphoneos;
				SWIFT_ACTIVE_COMPILATION_CONDITIONS = "DEBUG $(inherited)";
				SWIFT_OPTIMIZATION_LEVEL = "-Onone";
			};
			name = Debug;
		};
		DB7F42CB2B067C7100628F6F /* Release */ = {
			isa = XCBuildConfiguration;
			buildSettings = {
				ALWAYS_SEARCH_USER_PATHS = NO;
				ASSETCATALOG_COMPILER_GENERATE_SWIFT_ASSET_SYMBOL_EXTENSIONS = YES;
				CLANG_ANALYZER_NONNULL = YES;
				CLANG_ANALYZER_NUMBER_OBJECT_CONVERSION = YES_AGGRESSIVE;
				CLANG_CXX_LANGUAGE_STANDARD = "gnu++20";
				CLANG_ENABLE_MODULES = YES;
				CLANG_ENABLE_OBJC_ARC = YES;
				CLANG_ENABLE_OBJC_WEAK = YES;
				CLANG_WARN_BLOCK_CAPTURE_AUTORELEASING = YES;
				CLANG_WARN_BOOL_CONVERSION = YES;
				CLANG_WARN_COMMA = YES;
				CLANG_WARN_CONSTANT_CONVERSION = YES;
				CLANG_WARN_DEPRECATED_OBJC_IMPLEMENTATIONS = YES;
				CLANG_WARN_DIRECT_OBJC_ISA_USAGE = YES_ERROR;
				CLANG_WARN_DOCUMENTATION_COMMENTS = YES;
				CLANG_WARN_EMPTY_BODY = YES;
				CLANG_WARN_ENUM_CONVERSION = YES;
				CLANG_WARN_INFINITE_RECURSION = YES;
				CLANG_WARN_INT_CONVERSION = YES;
				CLANG_WARN_NON_LITERAL_NULL_CONVERSION = YES;
				CLANG_WARN_OBJC_IMPLICIT_RETAIN_SELF = YES;
				CLANG_WARN_OBJC_LITERAL_CONVERSION = YES;
				CLANG_WARN_OBJC_ROOT_CLASS = YES_ERROR;
				CLANG_WARN_QUOTED_INCLUDE_IN_FRAMEWORK_HEADER = YES;
				CLANG_WARN_RANGE_LOOP_ANALYSIS = YES;
				CLANG_WARN_STRICT_PROTOTYPES = YES;
				CLANG_WARN_SUSPICIOUS_MOVE = YES;
				CLANG_WARN_UNGUARDED_AVAILABILITY = YES_AGGRESSIVE;
				CLANG_WARN_UNREACHABLE_CODE = YES;
				CLANG_WARN__DUPLICATE_METHOD_MATCH = YES;
				COPY_PHASE_STRIP = NO;
				DEBUG_INFORMATION_FORMAT = "dwarf-with-dsym";
				ENABLE_NS_ASSERTIONS = NO;
				ENABLE_STRICT_OBJC_MSGSEND = YES;
				ENABLE_USER_SCRIPT_SANDBOXING = YES;
				GCC_C_LANGUAGE_STANDARD = gnu17;
				GCC_NO_COMMON_BLOCKS = YES;
				GCC_WARN_64_TO_32_BIT_CONVERSION = YES;
				GCC_WARN_ABOUT_RETURN_TYPE = YES_ERROR;
				GCC_WARN_UNDECLARED_SELECTOR = YES;
				GCC_WARN_UNINITIALIZED_AUTOS = YES_AGGRESSIVE;
				GCC_WARN_UNUSED_FUNCTION = YES;
				GCC_WARN_UNUSED_VARIABLE = YES;
				IPHONEOS_DEPLOYMENT_TARGET = 17.0;
				LOCALIZATION_PREFERS_STRING_CATALOGS = YES;
				MTL_ENABLE_DEBUG_INFO = NO;
				MTL_FAST_MATH = YES;
				SDKROOT = iphoneos;
				SWIFT_COMPILATION_MODE = wholemodule;
				VALIDATE_PRODUCT = YES;
			};
			name = Release;
		};
		DB7F42CD2B067C7100628F6F /* Debug */ = {
			isa = XCBuildConfiguration;
			buildSettings = {
				ASSETCATALOG_COMPILER_APPICON_NAME = AppIcon;
				ASSETCATALOG_COMPILER_GLOBAL_ACCENT_COLOR_NAME = AccentColor;
				CODE_SIGN_STYLE = Automatic;
				CURRENT_PROJECT_VERSION = 1;
				DEVELOPMENT_ASSET_PATHS = "\"DailyDose/Preview Content\"";
				DEVELOPMENT_TEAM = WRDAELJV3M;
				ENABLE_PREVIEWS = YES;
				GENERATE_INFOPLIST_FILE = YES;
				INFOPLIST_FILE = DailyDose/Info.plist;
				INFOPLIST_KEY_UIApplicationSceneManifest_Generation = YES;
				INFOPLIST_KEY_UIApplicationSupportsIndirectInputEvents = YES;
				INFOPLIST_KEY_UISupportedInterfaceOrientations_iPad = "UIInterfaceOrientationPortrait UIInterfaceOrientationPortraitUpsideDown UIInterfaceOrientationLandscapeLeft UIInterfaceOrientationLandscapeRight";
				INFOPLIST_KEY_UISupportedInterfaceOrientations_iPhone = "UIInterfaceOrientationPortrait UIInterfaceOrientationLandscapeLeft UIInterfaceOrientationLandscapeRight";
				LD_RUNPATH_SEARCH_PATHS = (
					"$(inherited)",
					"@executable_path/Frameworks",
				);
				MARKETING_VERSION = 1.0;
				PRODUCT_BUNDLE_IDENTIFIER = com.cs3714team2.DailyDose;
				PRODUCT_NAME = "$(TARGET_NAME)";
				SWIFT_EMIT_LOC_STRINGS = YES;
				SWIFT_VERSION = 5.0;
				TARGETED_DEVICE_FAMILY = "1,2";
			};
			name = Debug;
		};
		DB7F42CE2B067C7100628F6F /* Release */ = {
			isa = XCBuildConfiguration;
			buildSettings = {
				ASSETCATALOG_COMPILER_APPICON_NAME = AppIcon;
				ASSETCATALOG_COMPILER_GLOBAL_ACCENT_COLOR_NAME = AccentColor;
				CODE_SIGN_STYLE = Automatic;
				CURRENT_PROJECT_VERSION = 1;
				DEVELOPMENT_ASSET_PATHS = "\"DailyDose/Preview Content\"";
				DEVELOPMENT_TEAM = WRDAELJV3M;
				ENABLE_PREVIEWS = YES;
				GENERATE_INFOPLIST_FILE = YES;
				INFOPLIST_FILE = DailyDose/Info.plist;
				INFOPLIST_KEY_UIApplicationSceneManifest_Generation = YES;
				INFOPLIST_KEY_UIApplicationSupportsIndirectInputEvents = YES;
				INFOPLIST_KEY_UISupportedInterfaceOrientations_iPad = "UIInterfaceOrientationPortrait UIInterfaceOrientationPortraitUpsideDown UIInterfaceOrientationLandscapeLeft UIInterfaceOrientationLandscapeRight";
				INFOPLIST_KEY_UISupportedInterfaceOrientations_iPhone = "UIInterfaceOrientationPortrait UIInterfaceOrientationLandscapeLeft UIInterfaceOrientationLandscapeRight";
				LD_RUNPATH_SEARCH_PATHS = (
					"$(inherited)",
					"@executable_path/Frameworks",
				);
				MARKETING_VERSION = 1.0;
				PRODUCT_BUNDLE_IDENTIFIER = com.cs3714team2.DailyDose;
				PRODUCT_NAME = "$(TARGET_NAME)";
				SWIFT_EMIT_LOC_STRINGS = YES;
				SWIFT_VERSION = 5.0;
				TARGETED_DEVICE_FAMILY = "1,2";
			};
			name = Release;
		};
/* End XCBuildConfiguration section */

/* Begin XCConfigurationList section */
		DB7F42B72B067C6E00628F6F /* Build configuration list for PBXProject "DailyDose" */ = {
			isa = XCConfigurationList;
			buildConfigurations = (
				DB7F42CA2B067C7100628F6F /* Debug */,
				DB7F42CB2B067C7100628F6F /* Release */,
			);
			defaultConfigurationIsVisible = 0;
			defaultConfigurationName = Release;
		};
		DB7F42CC2B067C7100628F6F /* Build configuration list for PBXNativeTarget "DailyDose" */ = {
			isa = XCConfigurationList;
			buildConfigurations = (
				DB7F42CD2B067C7100628F6F /* Debug */,
				DB7F42CE2B067C7100628F6F /* Release */,
			);
			defaultConfigurationIsVisible = 0;
			defaultConfigurationName = Release;
		};
/* End XCConfigurationList section */
	};
	rootObject = DB7F42B42B067C6E00628F6F /* Project object */;
}
